// !$*UTF8*$!
{
	archiveVersion = 1;
	classes = {
	};
	objectVersion = 52;
	objects = {

/* Begin PBXBuildFile section */
		58AA22D4BE8B3B8BDEDDFBEC /* Pods_Secret_Language_Secret_LanguageUITests.framework in Frameworks */ = {isa = PBXBuildFile; fileRef = 9FC353DFC6958CD1DA2B2F1B /* Pods_Secret_Language_Secret_LanguageUITests.framework */; };
		B3967179856FBBF97DC71F71 /* Pods_Secret_Language.framework in Frameworks */ = {isa = PBXBuildFile; fileRef = 23ABCA02578CD7C521651D4E /* Pods_Secret_Language.framework */; };
		B8E5EA7B9881854B06AEC78C /* Pods_Secret_LanguageTests.framework in Frameworks */ = {isa = PBXBuildFile; fileRef = EB71779BF809B86B63FF7648 /* Pods_Secret_LanguageTests.framework */; };
		FF18DC32269CF4BF004BE946 /* PaymentOrReportDetectionView.swift in Sources */ = {isa = PBXBuildFile; fileRef = FF18DC31269CF4BF004BE946 /* PaymentOrReportDetectionView.swift */; };
		FF18DC34269F4D11004BE946 /* ChatModel.swift in Sources */ = {isa = PBXBuildFile; fileRef = FF18DC33269F4D11004BE946 /* ChatModel.swift */; };
		FF18DC38269F6082004BE946 /* ChatList.swift in Sources */ = {isa = PBXBuildFile; fileRef = FF18DC37269F6082004BE946 /* ChatList.swift */; };
		FF18DC3A269F61A7004BE946 /* ChatListCell.swift in Sources */ = {isa = PBXBuildFile; fileRef = FF18DC39269F61A7004BE946 /* ChatListCell.swift */; };
		FF18DC3C269F61AF004BE946 /* ChatViewModel.swift in Sources */ = {isa = PBXBuildFile; fileRef = FF18DC3B269F61AF004BE946 /* ChatViewModel.swift */; };
		FF18DC3E269F658D004BE946 /* ChatRoom.swift in Sources */ = {isa = PBXBuildFile; fileRef = FF18DC3D269F658D004BE946 /* ChatRoom.swift */; };
		FF18DC40269F669E004BE946 /* ChatService.swift in Sources */ = {isa = PBXBuildFile; fileRef = FF18DC3F269F669E004BE946 /* ChatService.swift */; };
		FF18DC42269F8DBF004BE946 /* MockChatService.swift in Sources */ = {isa = PBXBuildFile; fileRef = FF18DC41269F8DBF004BE946 /* MockChatService.swift */; };
		FF18DC44269F8EEF004BE946 /* ChatViewModelTests.swift in Sources */ = {isa = PBXBuildFile; fileRef = FF18DC43269F8EEF004BE946 /* ChatViewModelTests.swift */; };
		FF18DC46269FAA96004BE946 /* ChatRoomNavBar.swift in Sources */ = {isa = PBXBuildFile; fileRef = FF18DC45269FAA96004BE946 /* ChatRoomNavBar.swift */; };
		FF1AD6C7268645E100B0DCC9 /* PusherManager.swift in Sources */ = {isa = PBXBuildFile; fileRef = FF1AD6C6268645E100B0DCC9 /* PusherManager.swift */; };
		FF3727EE26A5051C00B20925 /* SendingMessageModel.swift in Sources */ = {isa = PBXBuildFile; fileRef = FF3727ED26A5051C00B20925 /* SendingMessageModel.swift */; };
		FF3727F026A5074500B20925 /* Gallery.swift in Sources */ = {isa = PBXBuildFile; fileRef = FF3727EF26A5074500B20925 /* Gallery.swift */; };
		FF3727F226A5DA2400B20925 /* TypingResponse.swift in Sources */ = {isa = PBXBuildFile; fileRef = FF3727F126A5DA2400B20925 /* TypingResponse.swift */; };
		FF3D63C12693C98B00799E72 /* WeekReport.swift in Sources */ = {isa = PBXBuildFile; fileRef = FF3D63C02693C98B00799E72 /* WeekReport.swift */; };
		FF3D63C32693C99500799E72 /* MonthReport.swift in Sources */ = {isa = PBXBuildFile; fileRef = FF3D63C22693C99500799E72 /* MonthReport.swift */; };
		FF3D63C52693C99E00799E72 /* SeasonReport.swift in Sources */ = {isa = PBXBuildFile; fileRef = FF3D63C42693C99E00799E72 /* SeasonReport.swift */; };
		FF3D63C7269485EF00799E72 /* ReportSection.swift in Sources */ = {isa = PBXBuildFile; fileRef = FF3D63C6269485EF00799E72 /* ReportSection.swift */; };
		FF3D63C92694910700799E72 /* FamousList.swift in Sources */ = {isa = PBXBuildFile; fileRef = FF3D63C82694910700799E72 /* FamousList.swift */; };
		FF3D63CB2694914400799E72 /* FamousListCell.swift in Sources */ = {isa = PBXBuildFile; fileRef = FF3D63CA2694914400799E72 /* FamousListCell.swift */; };
		FF3D63CD2694951D00799E72 /* PersonalityAndFamousTab.swift in Sources */ = {isa = PBXBuildFile; fileRef = FF3D63CC2694951D00799E72 /* PersonalityAndFamousTab.swift */; };
		FF3D63CF269507FB00799E72 /* SWViewHelper.swift in Sources */ = {isa = PBXBuildFile; fileRef = FF3D63CE269507FB00799E72 /* SWViewHelper.swift */; };
		FF3D63D1269508D500799E72 /* ImageHelper.swift in Sources */ = {isa = PBXBuildFile; fileRef = FF3D63D0269508D500799E72 /* ImageHelper.swift */; };
		FF3D63D326965F7A00799E72 /* ReportGridItem.swift in Sources */ = {isa = PBXBuildFile; fileRef = FF3D63D226965F7A00799E72 /* ReportGridItem.swift */; };
		FF3D63D52697273F00799E72 /* PathReport.swift in Sources */ = {isa = PBXBuildFile; fileRef = FF3D63D42697273F00799E72 /* PathReport.swift */; };
		FF3D63D72697281E00799E72 /* WayReport.swift in Sources */ = {isa = PBXBuildFile; fileRef = FF3D63D62697281E00799E72 /* WayReport.swift */; };
		FF3D63D92697902F00799E72 /* StoreKit.framework in Frameworks */ = {isa = PBXBuildFile; fileRef = FF3D63D82697902F00799E72 /* StoreKit.framework */; };
		FF3D63DC269791C200799E72 /* PaymentViewModel.swift in Sources */ = {isa = PBXBuildFile; fileRef = FF3D63DB269791C200799E72 /* PaymentViewModel.swift */; };
		FF3D63DE2697926A00799E72 /* Configuration.storekit in Resources */ = {isa = PBXBuildFile; fileRef = FF3D63DD2697926A00799E72 /* Configuration.storekit */; };
		FF3D63E22697AD1800799E72 /* PaymentService.swift in Sources */ = {isa = PBXBuildFile; fileRef = FF3D63E12697AD1800799E72 /* PaymentService.swift */; };
		FF3D63E4269924DC00799E72 /* PreviewParameters.swift in Sources */ = {isa = PBXBuildFile; fileRef = FF3D63E3269924DC00799E72 /* PreviewParameters.swift */; };
		FF42BD99267B8B1D000DCA6D /* LocationManager.swift in Sources */ = {isa = PBXBuildFile; fileRef = FF42BD98267B8B1D000DCA6D /* LocationManager.swift */; };
		FF42BD9B267BCE1F000DCA6D /* Location.swift in Sources */ = {isa = PBXBuildFile; fileRef = FF42BD9A267BCE1F000DCA6D /* Location.swift */; };
		FF42BD9D267BD082000DCA6D /* LabelAlignment.swift in Sources */ = {isa = PBXBuildFile; fileRef = FF42BD9C267BD082000DCA6D /* LabelAlignment.swift */; };
		FF456F8226939576008F219E /* RelationshipReport.swift in Sources */ = {isa = PBXBuildFile; fileRef = FF456F8126939576008F219E /* RelationshipReport.swift */; };
		FF456F842693BD01008F219E /* FamousModel.swift in Sources */ = {isa = PBXBuildFile; fileRef = FF456F832693BD01008F219E /* FamousModel.swift */; };
		FF456F8A2693C7EC008F219E /* DayReport.swift in Sources */ = {isa = PBXBuildFile; fileRef = FF456F892693C7EC008F219E /* DayReport.swift */; };
		FF4AB0F6268503530085EA9A /* UserModel.swift in Sources */ = {isa = PBXBuildFile; fileRef = FF4AB0F5268503530085EA9A /* UserModel.swift */; };
		FF4AB0F8268503DC0085EA9A /* AppleMyungjo.ttf in Resources */ = {isa = PBXBuildFile; fileRef = FF4AB0F7268503DC0085EA9A /* AppleMyungjo.ttf */; };
		FF4AB0FB268504A20085EA9A /* Settings.swift in Sources */ = {isa = PBXBuildFile; fileRef = FF4AB0FA268504A20085EA9A /* Settings.swift */; };
		FF4AB0FD2685091B0085EA9A /* ProfileImagePicker.swift in Sources */ = {isa = PBXBuildFile; fileRef = FF4AB0FC2685091B0085EA9A /* ProfileImagePicker.swift */; };
		FF4AB0FF268528B60085EA9A /* EmptyList.swift in Sources */ = {isa = PBXBuildFile; fileRef = FF4AB0FE268528B60085EA9A /* EmptyList.swift */; };
		FF58C40C2667B9C300BD3838 /* ConnectionTypeModel.swift in Sources */ = {isa = PBXBuildFile; fileRef = FF58C40B2667B9C300BD3838 /* ConnectionTypeModel.swift */; };
		FF58C40E2667BBA200BD3838 /* GenderModel.swift in Sources */ = {isa = PBXBuildFile; fileRef = FF58C40D2667BBA200BD3838 /* GenderModel.swift */; };
		FF58C41026682F4900BD3838 /* SignInCheckVerificationCode.swift in Sources */ = {isa = PBXBuildFile; fileRef = FF58C40F26682F4900BD3838 /* SignInCheckVerificationCode.swift */; };
		FF8AA6D726A098BD000C6B41 /* MessageBar.swift in Sources */ = {isa = PBXBuildFile; fileRef = FF8AA6D626A098BD000C6B41 /* MessageBar.swift */; };
		FF8AA6D926A098EC000C6B41 /* MessageRoomViewModel.swift in Sources */ = {isa = PBXBuildFile; fileRef = FF8AA6D826A098EC000C6B41 /* MessageRoomViewModel.swift */; };
		FF8AA6DB26A09E31000C6B41 /* MessagesList.swift in Sources */ = {isa = PBXBuildFile; fileRef = FF8AA6DA26A09E31000C6B41 /* MessagesList.swift */; };
		FF8AA6DD26A09E87000C6B41 /* SingleMessage.swift in Sources */ = {isa = PBXBuildFile; fileRef = FF8AA6DC26A09E87000C6B41 /* SingleMessage.swift */; };
		FF8AA6DF26A09EB2000C6B41 /* Message.swift in Sources */ = {isa = PBXBuildFile; fileRef = FF8AA6DE26A09EB2000C6B41 /* Message.swift */; };
		FF8AA6E126A31DB9000C6B41 /* SingleMessageContent.swift in Sources */ = {isa = PBXBuildFile; fileRef = FF8AA6E026A31DB9000C6B41 /* SingleMessageContent.swift */; };
		FF997E862689DAB20057B731 /* SearchViewModel.swift in Sources */ = {isa = PBXBuildFile; fileRef = FF997E852689DAB20057B731 /* SearchViewModel.swift */; };
		FF997E882689DCDF0057B731 /* SearchNavBar.swift in Sources */ = {isa = PBXBuildFile; fileRef = FF997E872689DCDF0057B731 /* SearchNavBar.swift */; };
		FF997E8A2689E6BA0057B731 /* SingleSearchResult.swift in Sources */ = {isa = PBXBuildFile; fileRef = FF997E892689E6BA0057B731 /* SingleSearchResult.swift */; };
		FF997E8C2689FF250057B731 /* SearchService.swift in Sources */ = {isa = PBXBuildFile; fileRef = FF997E8B2689FF250057B731 /* SearchService.swift */; };
		FF997E8E268A13080057B731 /* UserService.swift in Sources */ = {isa = PBXBuildFile; fileRef = FF997E8D268A13080057B731 /* UserService.swift */; };
		FF997E91268A60150057B731 /* VisitedProfile.swift in Sources */ = {isa = PBXBuildFile; fileRef = FF997E90268A60150057B731 /* VisitedProfile.swift */; };
		FF997E93268B8DE80057B731 /* SignPainter.ttc in Resources */ = {isa = PBXBuildFile; fileRef = FF997E92268B8DE80057B731 /* SignPainter.ttc */; };
		FF997E95268C96C10057B731 /* ReportViewModel.swift in Sources */ = {isa = PBXBuildFile; fileRef = FF997E94268C96C10057B731 /* ReportViewModel.swift */; };
		FF997E97268C97880057B731 /* ReportBirthdayPicker.swift in Sources */ = {isa = PBXBuildFile; fileRef = FF997E96268C97880057B731 /* ReportBirthdayPicker.swift */; };
		FF997E99268CDAC80057B731 /* SearchUserModel.swift in Sources */ = {isa = PBXBuildFile; fileRef = FF997E98268CDAC80057B731 /* SearchUserModel.swift */; };
		FF997E9B268CDB300057B731 /* SearchResultActionButtons.swift in Sources */ = {isa = PBXBuildFile; fileRef = FF997E9A268CDB300057B731 /* SearchResultActionButtons.swift */; };
		FF997E9D268E72D40057B731 /* ReportService.swift in Sources */ = {isa = PBXBuildFile; fileRef = FF997E9C268E72D40057B731 /* ReportService.swift */; };
		FF997E9F268E74D60057B731 /* BirthdayReport.swift in Sources */ = {isa = PBXBuildFile; fileRef = FF997E9E268E74D60057B731 /* BirthdayReport.swift */; };
		FF997EA1268E754A0057B731 /* PaymentView.swift in Sources */ = {isa = PBXBuildFile; fileRef = FF997EA0268E754A0057B731 /* PaymentView.swift */; };
		FF997EA3268FCC720057B731 /* BirthdayReportModel.swift in Sources */ = {isa = PBXBuildFile; fileRef = FF997EA2268FCC720057B731 /* BirthdayReportModel.swift */; };
		FF997EA5268FCCF80057B731 /* RelationshipReportModel.swift in Sources */ = {isa = PBXBuildFile; fileRef = FF997EA4268FCCF80057B731 /* RelationshipReportModel.swift */; };
		FF997EA7268FD0900057B731 /* MockReportService.swift in Sources */ = {isa = PBXBuildFile; fileRef = FF997EA6268FD0900057B731 /* MockReportService.swift */; };
		FF997EA9268FD3090057B731 /* ReportsViewModelTests.swift in Sources */ = {isa = PBXBuildFile; fileRef = FF997EA8268FD3090057B731 /* ReportsViewModelTests.swift */; };
		FF99A0322680BD7200F234CD /* ProfileViewModel.swift in Sources */ = {isa = PBXBuildFile; fileRef = FF99A0312680BD7200F234CD /* ProfileViewModel.swift */; };
		FF99A0342680C5C000F234CD /* UserPreviewModel.swift in Sources */ = {isa = PBXBuildFile; fileRef = FF99A0332680C5C000F234CD /* UserPreviewModel.swift */; };
		FF99A0362680C61C00F234CD /* FriendsList.swift in Sources */ = {isa = PBXBuildFile; fileRef = FF99A0352680C61C00F234CD /* FriendsList.swift */; };
		FF99A0382680C65300F234CD /* FriendsNavBar.swift in Sources */ = {isa = PBXBuildFile; fileRef = FF99A0372680C65300F234CD /* FriendsNavBar.swift */; };
		FF99A03A2680C6CE00F234CD /* FriendListCell.swift in Sources */ = {isa = PBXBuildFile; fileRef = FF99A0392680C6CE00F234CD /* FriendListCell.swift */; };
		FF99A03C2680E98B00F234CD /* FriendRequestList.swift in Sources */ = {isa = PBXBuildFile; fileRef = FF99A03B2680E98B00F234CD /* FriendRequestList.swift */; };
		FF99A03E2680E9A000F234CD /* FriendRequestCell.swift in Sources */ = {isa = PBXBuildFile; fileRef = FF99A03D2680E9A000F234CD /* FriendRequestCell.swift */; };
		FF99A0402681114400F234CD /* ProfileService.swift in Sources */ = {isa = PBXBuildFile; fileRef = FF99A03F2681114400F234CD /* ProfileService.swift */; };
		FF99A0422681354500F234CD /* GetMatchesRequest.swift in Sources */ = {isa = PBXBuildFile; fileRef = FF99A0412681354500F234CD /* GetMatchesRequest.swift */; };
		FF99A0462681DB4E00F234CD /* ProfileViewModelTests.swift in Sources */ = {isa = PBXBuildFile; fileRef = FF99A0452681DB4E00F234CD /* ProfileViewModelTests.swift */; };
		FF99A0482681DB6400F234CD /* MockProfileService.swift in Sources */ = {isa = PBXBuildFile; fileRef = FF99A0472681DB6400F234CD /* MockProfileService.swift */; };
		FF99A04E268367C500F234CD /* PendingRequestsList.swift in Sources */ = {isa = PBXBuildFile; fileRef = FF99A04D268367C500F234CD /* PendingRequestsList.swift */; };
		FF99A0502683684400F234CD /* PendingListCell.swift in Sources */ = {isa = PBXBuildFile; fileRef = FF99A04F2683684400F234CD /* PendingListCell.swift */; };
		FFBEA67E2664E4290033B2ED /* Secret_LanguageApp.swift in Sources */ = {isa = PBXBuildFile; fileRef = FFBEA67D2664E4290033B2ED /* Secret_LanguageApp.swift */; };
		FFBEA6802664E4290033B2ED /* ContentView.swift in Sources */ = {isa = PBXBuildFile; fileRef = FFBEA67F2664E4290033B2ED /* ContentView.swift */; };
		FFBEA6822664E42A0033B2ED /* Assets.xcassets in Resources */ = {isa = PBXBuildFile; fileRef = FFBEA6812664E42A0033B2ED /* Assets.xcassets */; };
		FFBEA6852664E42A0033B2ED /* Preview Assets.xcassets in Resources */ = {isa = PBXBuildFile; fileRef = FFBEA6842664E42A0033B2ED /* Preview Assets.xcassets */; };
		FFBEA6902664E42A0033B2ED /* Secret_LanguageTests.swift in Sources */ = {isa = PBXBuildFile; fileRef = FFBEA68F2664E42A0033B2ED /* Secret_LanguageTests.swift */; };
		FFBEA69B2664E42A0033B2ED /* Secret_LanguageUITests.swift in Sources */ = {isa = PBXBuildFile; fileRef = FFBEA69A2664E42A0033B2ED /* Secret_LanguageUITests.swift */; };
		FFBEA6A92664E4D00033B2ED /* LaunchScreen.storyboard in Resources */ = {isa = PBXBuildFile; fileRef = FFBEA6A82664E4D00033B2ED /* LaunchScreen.storyboard */; };
		FFBEA6B12664E72D0033B2ED /* .gitignore in Resources */ = {isa = PBXBuildFile; fileRef = FFBEA6B02664E72D0033B2ED /* .gitignore */; };
		FFCEDDEF266E491F0073BE20 /* AuthNavTitle.swift in Sources */ = {isa = PBXBuildFile; fileRef = FFCEDDEE266E491F0073BE20 /* AuthNavTitle.swift */; };
		FFCEDDF1266E642C0073BE20 /* SignUpRequest.swift in Sources */ = {isa = PBXBuildFile; fileRef = FFCEDDF0266E642C0073BE20 /* SignUpRequest.swift */; };
		FFCEDDF3266FB0350073BE20 /* AuthResponse.swift in Sources */ = {isa = PBXBuildFile; fileRef = FFCEDDF2266FB0350073BE20 /* AuthResponse.swift */; };
		FFCEDDF5267100010073BE20 /* UserFullName.swift in Sources */ = {isa = PBXBuildFile; fileRef = FFCEDDF4267100010073BE20 /* UserFullName.swift */; };
		FFCEDDF726722A050073BE20 /* CustomTabBar.swift in Sources */ = {isa = PBXBuildFile; fileRef = FFCEDDF626722A050073BE20 /* CustomTabBar.swift */; };
		FFCEDDFC267235D10073BE20 /* Matches.swift in Sources */ = {isa = PBXBuildFile; fileRef = FFCEDDFB267235D10073BE20 /* Matches.swift */; };
		FFCEDDFF267235FB0073BE20 /* Chat.swift in Sources */ = {isa = PBXBuildFile; fileRef = FFCEDDFE267235FB0073BE20 /* Chat.swift */; };
		FFCEDE02267236200073BE20 /* Profile.swift in Sources */ = {isa = PBXBuildFile; fileRef = FFCEDE01267236200073BE20 /* Profile.swift */; };
		FFCEDE05267236500073BE20 /* Search.swift in Sources */ = {isa = PBXBuildFile; fileRef = FFCEDE04267236500073BE20 /* Search.swift */; };
		FFCEDE082672367B0073BE20 /* Reports.swift in Sources */ = {isa = PBXBuildFile; fileRef = FFCEDE072672367B0073BE20 /* Reports.swift */; };
		FFDB156B2664E97E00341E8F /* Introduction.swift in Sources */ = {isa = PBXBuildFile; fileRef = FFDB156A2664E97E00341E8F /* Introduction.swift */; };
		FFDB156E2664EA2D00341E8F /* Times.ttc in Resources */ = {isa = PBXBuildFile; fileRef = FFDB156D2664EA2D00341E8F /* Times.ttc */; };
		FFDB15712664EAFB00341E8F /* Localizable.strings in Resources */ = {isa = PBXBuildFile; fileRef = FFDB15732664EAFB00341E8F /* Localizable.strings */; };
		FFDB15752664EDFC00341E8F /* SignUp.swift in Sources */ = {isa = PBXBuildFile; fileRef = FFDB15742664EDFC00341E8F /* SignUp.swift */; };
		FFDB15772664EE9800341E8F /* Background.swift in Sources */ = {isa = PBXBuildFile; fileRef = FFDB15762664EE9800341E8F /* Background.swift */; };
		FFDB15792664F1BD00341E8F /* Gilroy-Regular.ttf in Resources */ = {isa = PBXBuildFile; fileRef = FFDB15782664F1BD00341E8F /* Gilroy-Regular.ttf */; };
		FFDB157B2664F2C800341E8F /* BirthdayPicker.swift in Sources */ = {isa = PBXBuildFile; fileRef = FFDB157A2664F2C800341E8F /* BirthdayPicker.swift */; };
		FFDB157D2664FDBC00341E8F /* AuthViewModel.swift in Sources */ = {isa = PBXBuildFile; fileRef = FFDB157C2664FDBC00341E8F /* AuthViewModel.swift */; };
		FFDB157F26650A0E00341E8F /* Extensions.swift in Sources */ = {isa = PBXBuildFile; fileRef = FFDB157E26650A0E00341E8F /* Extensions.swift */; };
		FFDB1581266522BE00341E8F /* SignIn.swift in Sources */ = {isa = PBXBuildFile; fileRef = FFDB1580266522BE00341E8F /* SignIn.swift */; };
		FFDB158326653D6E00341E8F /* AuthService.swift in Sources */ = {isa = PBXBuildFile; fileRef = FFDB158226653D6E00341E8F /* AuthService.swift */; };
		FFDB158526653DC500341E8F /* GlobalResponse.swift in Sources */ = {isa = PBXBuildFile; fileRef = FFDB158426653DC500341E8F /* GlobalResponse.swift */; };
		FFDB158726653E8900341E8F /* NetworkError.swift in Sources */ = {isa = PBXBuildFile; fileRef = FFDB158626653E8900341E8F /* NetworkError.swift */; };
		FFDB158926653F5600341E8F /* Credentials.swift in Sources */ = {isa = PBXBuildFile; fileRef = FFDB158826653F5600341E8F /* Credentials.swift */; };
		FFDB158B26655DD500341E8F /* CheckVerificationCode.swift in Sources */ = {isa = PBXBuildFile; fileRef = FFDB158A26655DD500341E8F /* CheckVerificationCode.swift */; };
		FFDB158D26655E7800341E8F /* CustomAlert.swift in Sources */ = {isa = PBXBuildFile; fileRef = FFDB158C26655E7800341E8F /* CustomAlert.swift */; };
		FFDB158F2665607000341E8F /* AppColors.swift in Sources */ = {isa = PBXBuildFile; fileRef = FFDB158E2665607000341E8F /* AppColors.swift */; };
		FFDB159526658C3400341E8F /* MockAuthService.swift in Sources */ = {isa = PBXBuildFile; fileRef = FFDB159426658C3400341E8F /* MockAuthService.swift */; };
		FFDB159726658EDF00341E8F /* AuthViewModelTests.swift in Sources */ = {isa = PBXBuildFile; fileRef = FFDB159626658EDF00341E8F /* AuthViewModelTests.swift */; };
		FFDB15A02666571A00341E8F /* OTPTextFieldView.swift in Sources */ = {isa = PBXBuildFile; fileRef = FFDB159F2666571A00341E8F /* OTPTextFieldView.swift */; };
		FFDB15A32666576900341E8F /* BuildFile in Frameworks */ = {isa = PBXBuildFile; productRef = FFDB15A22666576900341E8F /* SwiftPackageProductDependency */; };
		FFDB15A726669AA000341E8F /* ChooseGender.swift in Sources */ = {isa = PBXBuildFile; fileRef = FFDB15A626669AA000341E8F /* ChooseGender.swift */; };
		FFDB15A926669B9400341E8F /* TopGender.swift in Sources */ = {isa = PBXBuildFile; fileRef = FFDB15A826669B9400341E8F /* TopGender.swift */; };
		FFDB15AB26669F7C00341E8F /* MoreGenders.swift in Sources */ = {isa = PBXBuildFile; fileRef = FFDB15AA26669F7C00341E8F /* MoreGenders.swift */; };
		FFDB15AD2666C03F00341E8F /* ConnectionType.swift in Sources */ = {isa = PBXBuildFile; fileRef = FFDB15AC2666C03F00341E8F /* ConnectionType.swift */; };
		FFDB15AF2666C0E100341E8F /* SingleConnectionType.swift in Sources */ = {isa = PBXBuildFile; fileRef = FFDB15AE2666C0E100341E8F /* SingleConnectionType.swift */; };
		FFDB15B12666C18900341E8F /* Avenir.ttc in Resources */ = {isa = PBXBuildFile; fileRef = FFDB15B02666C18900341E8F /* Avenir.ttc */; };
		FFE0E4122677E5DC008FA78C /* SingleMatch.swift in Sources */ = {isa = PBXBuildFile; fileRef = FFE0E4112677E5DC008FA78C /* SingleMatch.swift */; };
		FFE0E4142677E6F6008FA78C /* MatchModel.swift in Sources */ = {isa = PBXBuildFile; fileRef = FFE0E4132677E6F6008FA78C /* MatchModel.swift */; };
		FFE0E4162677F97F008FA78C /* FilterMatches.swift in Sources */ = {isa = PBXBuildFile; fileRef = FFE0E4152677F97F008FA78C /* FilterMatches.swift */; };
		FFE0E4182677FD89008FA78C /* MatchesNavBar.swift in Sources */ = {isa = PBXBuildFile; fileRef = FFE0E4172677FD89008FA78C /* MatchesNavBar.swift */; };
		FFE0E41A26780053008FA78C /* Gilroy-Bold.ttf in Resources */ = {isa = PBXBuildFile; fileRef = FFE0E41926780053008FA78C /* Gilroy-Bold.ttf */; };
		FFE0E41C2678082B008FA78C /* MatchService.swift in Sources */ = {isa = PBXBuildFile; fileRef = FFE0E41B2678082B008FA78C /* MatchService.swift */; };
		FFE0E41E2678090D008FA78C /* MatchesViewModel.swift in Sources */ = {isa = PBXBuildFile; fileRef = FFE0E41D2678090D008FA78C /* MatchesViewModel.swift */; };
		FFE0E42226794DAB008FA78C /* MockMatchService.swift in Sources */ = {isa = PBXBuildFile; fileRef = FFE0E42126794DAB008FA78C /* MockMatchService.swift */; };
		FFE0E42426794ECC008FA78C /* MatchesViewModelTests.swift in Sources */ = {isa = PBXBuildFile; fileRef = FFE0E42326794ECC008FA78C /* MatchesViewModelTests.swift */; };
		FFE0E42826794F97008FA78C /* CategoryItemModel.swift in Sources */ = {isa = PBXBuildFile; fileRef = FFE0E42726794F97008FA78C /* CategoryItemModel.swift */; };
/* End PBXBuildFile section */

/* Begin PBXContainerItemProxy section */
		FFBEA68C2664E42A0033B2ED /* PBXContainerItemProxy */ = {
			isa = PBXContainerItemProxy;
			containerPortal = FFBEA6722664E4290033B2ED /* Project object */;
			proxyType = 1;
			remoteGlobalIDString = FFBEA6792664E4290033B2ED;
			remoteInfo = "Secret Language";
		};
		FFBEA6972664E42A0033B2ED /* PBXContainerItemProxy */ = {
			isa = PBXContainerItemProxy;
			containerPortal = FFBEA6722664E4290033B2ED /* Project object */;
			proxyType = 1;
			remoteGlobalIDString = FFBEA6792664E4290033B2ED;
			remoteInfo = "Secret Language";
		};
/* End PBXContainerItemProxy section */

/* Begin PBXFileReference section */
		19A5B36D67E245BECA455E9B /* Pods-Secret Language-Secret LanguageUITests.release.xcconfig */ = {isa = PBXFileReference; includeInIndex = 1; lastKnownFileType = text.xcconfig; name = "Pods-Secret Language-Secret LanguageUITests.release.xcconfig"; path = "Target Support Files/Pods-Secret Language-Secret LanguageUITests/Pods-Secret Language-Secret LanguageUITests.release.xcconfig"; sourceTree = "<group>"; };
		23ABCA02578CD7C521651D4E /* Pods_Secret_Language.framework */ = {isa = PBXFileReference; explicitFileType = wrapper.framework; includeInIndex = 0; path = Pods_Secret_Language.framework; sourceTree = BUILT_PRODUCTS_DIR; };
		401EF34C041AD97935E0B728 /* Pods-Secret Language.debug.xcconfig */ = {isa = PBXFileReference; includeInIndex = 1; lastKnownFileType = text.xcconfig; name = "Pods-Secret Language.debug.xcconfig"; path = "Target Support Files/Pods-Secret Language/Pods-Secret Language.debug.xcconfig"; sourceTree = "<group>"; };
		6D4742105DF15E8C83B8CD87 /* Pods-Secret LanguageTests.debug.xcconfig */ = {isa = PBXFileReference; includeInIndex = 1; lastKnownFileType = text.xcconfig; name = "Pods-Secret LanguageTests.debug.xcconfig"; path = "Target Support Files/Pods-Secret LanguageTests/Pods-Secret LanguageTests.debug.xcconfig"; sourceTree = "<group>"; };
		82D8B771B4B288C22C6F6EDB /* Pods-Secret Language.release.xcconfig */ = {isa = PBXFileReference; includeInIndex = 1; lastKnownFileType = text.xcconfig; name = "Pods-Secret Language.release.xcconfig"; path = "Target Support Files/Pods-Secret Language/Pods-Secret Language.release.xcconfig"; sourceTree = "<group>"; };
		90A9EF0E2A392C2C87527EED /* Pods-Secret Language-Secret LanguageUITests.debug.xcconfig */ = {isa = PBXFileReference; includeInIndex = 1; lastKnownFileType = text.xcconfig; name = "Pods-Secret Language-Secret LanguageUITests.debug.xcconfig"; path = "Target Support Files/Pods-Secret Language-Secret LanguageUITests/Pods-Secret Language-Secret LanguageUITests.debug.xcconfig"; sourceTree = "<group>"; };
		9FC353DFC6958CD1DA2B2F1B /* Pods_Secret_Language_Secret_LanguageUITests.framework */ = {isa = PBXFileReference; explicitFileType = wrapper.framework; includeInIndex = 0; path = Pods_Secret_Language_Secret_LanguageUITests.framework; sourceTree = BUILT_PRODUCTS_DIR; };
		A321C1F5BB47FF41DEAF3C30 /* Pods-Secret LanguageTests.release.xcconfig */ = {isa = PBXFileReference; includeInIndex = 1; lastKnownFileType = text.xcconfig; name = "Pods-Secret LanguageTests.release.xcconfig"; path = "Target Support Files/Pods-Secret LanguageTests/Pods-Secret LanguageTests.release.xcconfig"; sourceTree = "<group>"; };
		EB71779BF809B86B63FF7648 /* Pods_Secret_LanguageTests.framework */ = {isa = PBXFileReference; explicitFileType = wrapper.framework; includeInIndex = 0; path = Pods_Secret_LanguageTests.framework; sourceTree = BUILT_PRODUCTS_DIR; };
		FF18DC31269CF4BF004BE946 /* PaymentOrReportDetectionView.swift */ = {isa = PBXFileReference; lastKnownFileType = sourcecode.swift; path = PaymentOrReportDetectionView.swift; sourceTree = "<group>"; };
		FF18DC33269F4D11004BE946 /* ChatModel.swift */ = {isa = PBXFileReference; lastKnownFileType = sourcecode.swift; path = ChatModel.swift; sourceTree = "<group>"; };
		FF18DC37269F6082004BE946 /* ChatList.swift */ = {isa = PBXFileReference; lastKnownFileType = sourcecode.swift; path = ChatList.swift; sourceTree = "<group>"; };
		FF18DC39269F61A7004BE946 /* ChatListCell.swift */ = {isa = PBXFileReference; lastKnownFileType = sourcecode.swift; path = ChatListCell.swift; sourceTree = "<group>"; };
		FF18DC3B269F61AF004BE946 /* ChatViewModel.swift */ = {isa = PBXFileReference; lastKnownFileType = sourcecode.swift; path = ChatViewModel.swift; sourceTree = "<group>"; };
		FF18DC3D269F658D004BE946 /* ChatRoom.swift */ = {isa = PBXFileReference; lastKnownFileType = sourcecode.swift; path = ChatRoom.swift; sourceTree = "<group>"; };
		FF18DC3F269F669E004BE946 /* ChatService.swift */ = {isa = PBXFileReference; lastKnownFileType = sourcecode.swift; path = ChatService.swift; sourceTree = "<group>"; };
		FF18DC41269F8DBF004BE946 /* MockChatService.swift */ = {isa = PBXFileReference; lastKnownFileType = sourcecode.swift; path = MockChatService.swift; sourceTree = "<group>"; };
		FF18DC43269F8EEF004BE946 /* ChatViewModelTests.swift */ = {isa = PBXFileReference; lastKnownFileType = sourcecode.swift; path = ChatViewModelTests.swift; sourceTree = "<group>"; };
		FF18DC45269FAA96004BE946 /* ChatRoomNavBar.swift */ = {isa = PBXFileReference; lastKnownFileType = sourcecode.swift; path = ChatRoomNavBar.swift; sourceTree = "<group>"; };
		FF1AD6C6268645E100B0DCC9 /* PusherManager.swift */ = {isa = PBXFileReference; lastKnownFileType = sourcecode.swift; path = PusherManager.swift; sourceTree = "<group>"; };
		FF3727ED26A5051C00B20925 /* SendingMessageModel.swift */ = {isa = PBXFileReference; lastKnownFileType = sourcecode.swift; path = SendingMessageModel.swift; sourceTree = "<group>"; };
		FF3727EF26A5074500B20925 /* Gallery.swift */ = {isa = PBXFileReference; lastKnownFileType = sourcecode.swift; path = Gallery.swift; sourceTree = "<group>"; };
		FF3727F126A5DA2400B20925 /* TypingResponse.swift */ = {isa = PBXFileReference; lastKnownFileType = sourcecode.swift; path = TypingResponse.swift; sourceTree = "<group>"; };
		FF3D63C02693C98B00799E72 /* WeekReport.swift */ = {isa = PBXFileReference; lastKnownFileType = sourcecode.swift; path = WeekReport.swift; sourceTree = "<group>"; };
		FF3D63C22693C99500799E72 /* MonthReport.swift */ = {isa = PBXFileReference; lastKnownFileType = sourcecode.swift; path = MonthReport.swift; sourceTree = "<group>"; };
		FF3D63C42693C99E00799E72 /* SeasonReport.swift */ = {isa = PBXFileReference; lastKnownFileType = sourcecode.swift; path = SeasonReport.swift; sourceTree = "<group>"; };
		FF3D63C6269485EF00799E72 /* ReportSection.swift */ = {isa = PBXFileReference; lastKnownFileType = sourcecode.swift; path = ReportSection.swift; sourceTree = "<group>"; };
		FF3D63C82694910700799E72 /* FamousList.swift */ = {isa = PBXFileReference; lastKnownFileType = sourcecode.swift; path = FamousList.swift; sourceTree = "<group>"; };
		FF3D63CA2694914400799E72 /* FamousListCell.swift */ = {isa = PBXFileReference; lastKnownFileType = sourcecode.swift; path = FamousListCell.swift; sourceTree = "<group>"; };
		FF3D63CC2694951D00799E72 /* PersonalityAndFamousTab.swift */ = {isa = PBXFileReference; lastKnownFileType = sourcecode.swift; path = PersonalityAndFamousTab.swift; sourceTree = "<group>"; };
		FF3D63CE269507FB00799E72 /* SWViewHelper.swift */ = {isa = PBXFileReference; lastKnownFileType = sourcecode.swift; path = SWViewHelper.swift; sourceTree = "<group>"; };
		FF3D63D0269508D500799E72 /* ImageHelper.swift */ = {isa = PBXFileReference; lastKnownFileType = sourcecode.swift; path = ImageHelper.swift; sourceTree = "<group>"; };
		FF3D63D226965F7A00799E72 /* ReportGridItem.swift */ = {isa = PBXFileReference; lastKnownFileType = sourcecode.swift; path = ReportGridItem.swift; sourceTree = "<group>"; };
		FF3D63D42697273F00799E72 /* PathReport.swift */ = {isa = PBXFileReference; lastKnownFileType = sourcecode.swift; path = PathReport.swift; sourceTree = "<group>"; };
		FF3D63D62697281E00799E72 /* WayReport.swift */ = {isa = PBXFileReference; lastKnownFileType = sourcecode.swift; path = WayReport.swift; sourceTree = "<group>"; };
		FF3D63D82697902F00799E72 /* StoreKit.framework */ = {isa = PBXFileReference; lastKnownFileType = wrapper.framework; name = StoreKit.framework; path = System/Library/Frameworks/StoreKit.framework; sourceTree = SDKROOT; };
		FF3D63DA2697914300799E72 /* Secret Language.entitlements */ = {isa = PBXFileReference; lastKnownFileType = text.plist.entitlements; path = "Secret Language.entitlements"; sourceTree = "<group>"; };
		FF3D63DB269791C200799E72 /* PaymentViewModel.swift */ = {isa = PBXFileReference; lastKnownFileType = sourcecode.swift; path = PaymentViewModel.swift; sourceTree = "<group>"; };
		FF3D63DD2697926A00799E72 /* Configuration.storekit */ = {isa = PBXFileReference; lastKnownFileType = text; name = Configuration.storekit; path = ViewModels/Configuration.storekit; sourceTree = "<group>"; };
		FF3D63E12697AD1800799E72 /* PaymentService.swift */ = {isa = PBXFileReference; lastKnownFileType = sourcecode.swift; path = PaymentService.swift; sourceTree = "<group>"; };
		FF3D63E3269924DC00799E72 /* PreviewParameters.swift */ = {isa = PBXFileReference; lastKnownFileType = sourcecode.swift; path = PreviewParameters.swift; sourceTree = "<group>"; };
		FF42BD98267B8B1D000DCA6D /* LocationManager.swift */ = {isa = PBXFileReference; lastKnownFileType = sourcecode.swift; path = LocationManager.swift; sourceTree = "<group>"; };
		FF42BD9A267BCE1F000DCA6D /* Location.swift */ = {isa = PBXFileReference; lastKnownFileType = sourcecode.swift; path = Location.swift; sourceTree = "<group>"; };
		FF42BD9C267BD082000DCA6D /* LabelAlignment.swift */ = {isa = PBXFileReference; lastKnownFileType = sourcecode.swift; path = LabelAlignment.swift; sourceTree = "<group>"; };
		FF456F8126939576008F219E /* RelationshipReport.swift */ = {isa = PBXFileReference; lastKnownFileType = sourcecode.swift; path = RelationshipReport.swift; sourceTree = "<group>"; };
		FF456F832693BD01008F219E /* FamousModel.swift */ = {isa = PBXFileReference; lastKnownFileType = sourcecode.swift; path = FamousModel.swift; sourceTree = "<group>"; };
		FF456F892693C7EC008F219E /* DayReport.swift */ = {isa = PBXFileReference; lastKnownFileType = sourcecode.swift; path = DayReport.swift; sourceTree = "<group>"; };
		FF4AB0F5268503530085EA9A /* UserModel.swift */ = {isa = PBXFileReference; lastKnownFileType = sourcecode.swift; path = UserModel.swift; sourceTree = "<group>"; };
		FF4AB0F7268503DC0085EA9A /* AppleMyungjo.ttf */ = {isa = PBXFileReference; lastKnownFileType = file; name = AppleMyungjo.ttf; path = ../../../../../../System/Library/Fonts/Supplemental/AppleMyungjo.ttf; sourceTree = "<group>"; };
		FF4AB0FA268504A20085EA9A /* Settings.swift */ = {isa = PBXFileReference; lastKnownFileType = sourcecode.swift; path = Settings.swift; sourceTree = "<group>"; };
		FF4AB0FC2685091B0085EA9A /* ProfileImagePicker.swift */ = {isa = PBXFileReference; lastKnownFileType = sourcecode.swift; path = ProfileImagePicker.swift; sourceTree = "<group>"; };
		FF4AB0FE268528B60085EA9A /* EmptyList.swift */ = {isa = PBXFileReference; lastKnownFileType = sourcecode.swift; path = EmptyList.swift; sourceTree = "<group>"; };
		FF58C40B2667B9C300BD3838 /* ConnectionTypeModel.swift */ = {isa = PBXFileReference; lastKnownFileType = sourcecode.swift; path = ConnectionTypeModel.swift; sourceTree = "<group>"; };
		FF58C40D2667BBA200BD3838 /* GenderModel.swift */ = {isa = PBXFileReference; lastKnownFileType = sourcecode.swift; path = GenderModel.swift; sourceTree = "<group>"; };
		FF58C40F26682F4900BD3838 /* SignInCheckVerificationCode.swift */ = {isa = PBXFileReference; lastKnownFileType = sourcecode.swift; path = SignInCheckVerificationCode.swift; sourceTree = "<group>"; };
		FF8AA6D626A098BD000C6B41 /* MessageBar.swift */ = {isa = PBXFileReference; lastKnownFileType = sourcecode.swift; path = MessageBar.swift; sourceTree = "<group>"; };
		FF8AA6D826A098EC000C6B41 /* MessageRoomViewModel.swift */ = {isa = PBXFileReference; lastKnownFileType = sourcecode.swift; path = MessageRoomViewModel.swift; sourceTree = "<group>"; };
		FF8AA6DA26A09E31000C6B41 /* MessagesList.swift */ = {isa = PBXFileReference; lastKnownFileType = sourcecode.swift; path = MessagesList.swift; sourceTree = "<group>"; };
		FF8AA6DC26A09E87000C6B41 /* SingleMessage.swift */ = {isa = PBXFileReference; lastKnownFileType = sourcecode.swift; path = SingleMessage.swift; sourceTree = "<group>"; };
		FF8AA6DE26A09EB2000C6B41 /* Message.swift */ = {isa = PBXFileReference; lastKnownFileType = sourcecode.swift; path = Message.swift; sourceTree = "<group>"; };
		FF8AA6E026A31DB9000C6B41 /* SingleMessageContent.swift */ = {isa = PBXFileReference; lastKnownFileType = sourcecode.swift; path = SingleMessageContent.swift; sourceTree = "<group>"; };
		FF997E852689DAB20057B731 /* SearchViewModel.swift */ = {isa = PBXFileReference; lastKnownFileType = sourcecode.swift; path = SearchViewModel.swift; sourceTree = "<group>"; };
		FF997E872689DCDF0057B731 /* SearchNavBar.swift */ = {isa = PBXFileReference; lastKnownFileType = sourcecode.swift; path = SearchNavBar.swift; sourceTree = "<group>"; };
		FF997E892689E6BA0057B731 /* SingleSearchResult.swift */ = {isa = PBXFileReference; lastKnownFileType = sourcecode.swift; path = SingleSearchResult.swift; sourceTree = "<group>"; };
		FF997E8B2689FF250057B731 /* SearchService.swift */ = {isa = PBXFileReference; lastKnownFileType = sourcecode.swift; path = SearchService.swift; sourceTree = "<group>"; };
		FF997E8D268A13080057B731 /* UserService.swift */ = {isa = PBXFileReference; lastKnownFileType = sourcecode.swift; path = UserService.swift; sourceTree = "<group>"; };
		FF997E90268A60150057B731 /* VisitedProfile.swift */ = {isa = PBXFileReference; lastKnownFileType = sourcecode.swift; path = VisitedProfile.swift; sourceTree = "<group>"; };
		FF997E92268B8DE80057B731 /* SignPainter.ttc */ = {isa = PBXFileReference; lastKnownFileType = file; name = SignPainter.ttc; path = ../../../../../../System/Library/Fonts/Supplemental/SignPainter.ttc; sourceTree = "<group>"; };
		FF997E94268C96C10057B731 /* ReportViewModel.swift */ = {isa = PBXFileReference; lastKnownFileType = sourcecode.swift; path = ReportViewModel.swift; sourceTree = "<group>"; };
		FF997E96268C97880057B731 /* ReportBirthdayPicker.swift */ = {isa = PBXFileReference; lastKnownFileType = sourcecode.swift; path = ReportBirthdayPicker.swift; sourceTree = "<group>"; };
		FF997E98268CDAC80057B731 /* SearchUserModel.swift */ = {isa = PBXFileReference; lastKnownFileType = sourcecode.swift; path = SearchUserModel.swift; sourceTree = "<group>"; };
		FF997E9A268CDB300057B731 /* SearchResultActionButtons.swift */ = {isa = PBXFileReference; lastKnownFileType = sourcecode.swift; path = SearchResultActionButtons.swift; sourceTree = "<group>"; };
		FF997E9C268E72D40057B731 /* ReportService.swift */ = {isa = PBXFileReference; lastKnownFileType = sourcecode.swift; path = ReportService.swift; sourceTree = "<group>"; };
		FF997E9E268E74D60057B731 /* BirthdayReport.swift */ = {isa = PBXFileReference; lastKnownFileType = sourcecode.swift; path = BirthdayReport.swift; sourceTree = "<group>"; };
		FF997EA0268E754A0057B731 /* PaymentView.swift */ = {isa = PBXFileReference; lastKnownFileType = sourcecode.swift; path = PaymentView.swift; sourceTree = "<group>"; };
		FF997EA2268FCC720057B731 /* BirthdayReportModel.swift */ = {isa = PBXFileReference; lastKnownFileType = sourcecode.swift; path = BirthdayReportModel.swift; sourceTree = "<group>"; };
		FF997EA4268FCCF80057B731 /* RelationshipReportModel.swift */ = {isa = PBXFileReference; lastKnownFileType = sourcecode.swift; path = RelationshipReportModel.swift; sourceTree = "<group>"; };
		FF997EA6268FD0900057B731 /* MockReportService.swift */ = {isa = PBXFileReference; lastKnownFileType = sourcecode.swift; path = MockReportService.swift; sourceTree = "<group>"; };
		FF997EA8268FD3090057B731 /* ReportsViewModelTests.swift */ = {isa = PBXFileReference; lastKnownFileType = sourcecode.swift; path = ReportsViewModelTests.swift; sourceTree = "<group>"; };
		FF99A0312680BD7200F234CD /* ProfileViewModel.swift */ = {isa = PBXFileReference; lastKnownFileType = sourcecode.swift; path = ProfileViewModel.swift; sourceTree = "<group>"; };
		FF99A0332680C5C000F234CD /* UserPreviewModel.swift */ = {isa = PBXFileReference; lastKnownFileType = sourcecode.swift; path = UserPreviewModel.swift; sourceTree = "<group>"; };
		FF99A0352680C61C00F234CD /* FriendsList.swift */ = {isa = PBXFileReference; lastKnownFileType = sourcecode.swift; path = FriendsList.swift; sourceTree = "<group>"; };
		FF99A0372680C65300F234CD /* FriendsNavBar.swift */ = {isa = PBXFileReference; lastKnownFileType = sourcecode.swift; path = FriendsNavBar.swift; sourceTree = "<group>"; };
		FF99A0392680C6CE00F234CD /* FriendListCell.swift */ = {isa = PBXFileReference; lastKnownFileType = sourcecode.swift; path = FriendListCell.swift; sourceTree = "<group>"; };
		FF99A03B2680E98B00F234CD /* FriendRequestList.swift */ = {isa = PBXFileReference; lastKnownFileType = sourcecode.swift; path = FriendRequestList.swift; sourceTree = "<group>"; };
		FF99A03D2680E9A000F234CD /* FriendRequestCell.swift */ = {isa = PBXFileReference; lastKnownFileType = sourcecode.swift; path = FriendRequestCell.swift; sourceTree = "<group>"; };
		FF99A03F2681114400F234CD /* ProfileService.swift */ = {isa = PBXFileReference; lastKnownFileType = sourcecode.swift; path = ProfileService.swift; sourceTree = "<group>"; };
		FF99A0412681354500F234CD /* GetMatchesRequest.swift */ = {isa = PBXFileReference; lastKnownFileType = sourcecode.swift; path = GetMatchesRequest.swift; sourceTree = "<group>"; };
		FF99A0452681DB4E00F234CD /* ProfileViewModelTests.swift */ = {isa = PBXFileReference; lastKnownFileType = sourcecode.swift; path = ProfileViewModelTests.swift; sourceTree = "<group>"; };
		FF99A0472681DB6400F234CD /* MockProfileService.swift */ = {isa = PBXFileReference; lastKnownFileType = sourcecode.swift; path = MockProfileService.swift; sourceTree = "<group>"; };
		FF99A04D268367C500F234CD /* PendingRequestsList.swift */ = {isa = PBXFileReference; lastKnownFileType = sourcecode.swift; path = PendingRequestsList.swift; sourceTree = "<group>"; };
		FF99A04F2683684400F234CD /* PendingListCell.swift */ = {isa = PBXFileReference; lastKnownFileType = sourcecode.swift; path = PendingListCell.swift; sourceTree = "<group>"; };
		FFBEA67A2664E4290033B2ED /* Secret Language.app */ = {isa = PBXFileReference; explicitFileType = wrapper.application; includeInIndex = 0; path = "Secret Language.app"; sourceTree = BUILT_PRODUCTS_DIR; };
		FFBEA67D2664E4290033B2ED /* Secret_LanguageApp.swift */ = {isa = PBXFileReference; lastKnownFileType = sourcecode.swift; path = Secret_LanguageApp.swift; sourceTree = "<group>"; };
		FFBEA67F2664E4290033B2ED /* ContentView.swift */ = {isa = PBXFileReference; lastKnownFileType = sourcecode.swift; path = ContentView.swift; sourceTree = "<group>"; };
		FFBEA6812664E42A0033B2ED /* Assets.xcassets */ = {isa = PBXFileReference; lastKnownFileType = folder.assetcatalog; path = Assets.xcassets; sourceTree = "<group>"; };
		FFBEA6842664E42A0033B2ED /* Preview Assets.xcassets */ = {isa = PBXFileReference; lastKnownFileType = folder.assetcatalog; path = "Preview Assets.xcassets"; sourceTree = "<group>"; };
		FFBEA6862664E42A0033B2ED /* Info.plist */ = {isa = PBXFileReference; lastKnownFileType = text.plist.xml; path = Info.plist; sourceTree = "<group>"; };
		FFBEA68B2664E42A0033B2ED /* Secret LanguageTests.xctest */ = {isa = PBXFileReference; explicitFileType = wrapper.cfbundle; includeInIndex = 0; path = "Secret LanguageTests.xctest"; sourceTree = BUILT_PRODUCTS_DIR; };
		FFBEA68F2664E42A0033B2ED /* Secret_LanguageTests.swift */ = {isa = PBXFileReference; lastKnownFileType = sourcecode.swift; path = Secret_LanguageTests.swift; sourceTree = "<group>"; };
		FFBEA6912664E42A0033B2ED /* Info.plist */ = {isa = PBXFileReference; lastKnownFileType = text.plist.xml; path = Info.plist; sourceTree = "<group>"; };
		FFBEA6962664E42A0033B2ED /* Secret LanguageUITests.xctest */ = {isa = PBXFileReference; explicitFileType = wrapper.cfbundle; includeInIndex = 0; path = "Secret LanguageUITests.xctest"; sourceTree = BUILT_PRODUCTS_DIR; };
		FFBEA69A2664E42A0033B2ED /* Secret_LanguageUITests.swift */ = {isa = PBXFileReference; lastKnownFileType = sourcecode.swift; path = Secret_LanguageUITests.swift; sourceTree = "<group>"; };
		FFBEA69C2664E42A0033B2ED /* Info.plist */ = {isa = PBXFileReference; lastKnownFileType = text.plist.xml; path = Info.plist; sourceTree = "<group>"; };
		FFBEA6A82664E4D00033B2ED /* LaunchScreen.storyboard */ = {isa = PBXFileReference; lastKnownFileType = file.storyboard; path = LaunchScreen.storyboard; sourceTree = "<group>"; };
		FFBEA6B02664E72D0033B2ED /* .gitignore */ = {isa = PBXFileReference; lastKnownFileType = text; path = .gitignore; sourceTree = "<group>"; };
		FFCEDDEE266E491F0073BE20 /* AuthNavTitle.swift */ = {isa = PBXFileReference; lastKnownFileType = sourcecode.swift; path = AuthNavTitle.swift; sourceTree = "<group>"; };
		FFCEDDF0266E642C0073BE20 /* SignUpRequest.swift */ = {isa = PBXFileReference; lastKnownFileType = sourcecode.swift; path = SignUpRequest.swift; sourceTree = "<group>"; };
		FFCEDDF2266FB0350073BE20 /* AuthResponse.swift */ = {isa = PBXFileReference; lastKnownFileType = sourcecode.swift; path = AuthResponse.swift; sourceTree = "<group>"; };
		FFCEDDF4267100010073BE20 /* UserFullName.swift */ = {isa = PBXFileReference; lastKnownFileType = sourcecode.swift; path = UserFullName.swift; sourceTree = "<group>"; };
		FFCEDDF626722A050073BE20 /* CustomTabBar.swift */ = {isa = PBXFileReference; lastKnownFileType = sourcecode.swift; path = CustomTabBar.swift; sourceTree = "<group>"; };
		FFCEDDFB267235D10073BE20 /* Matches.swift */ = {isa = PBXFileReference; lastKnownFileType = sourcecode.swift; path = Matches.swift; sourceTree = "<group>"; };
		FFCEDDFE267235FB0073BE20 /* Chat.swift */ = {isa = PBXFileReference; lastKnownFileType = sourcecode.swift; path = Chat.swift; sourceTree = "<group>"; };
		FFCEDE01267236200073BE20 /* Profile.swift */ = {isa = PBXFileReference; lastKnownFileType = sourcecode.swift; path = Profile.swift; sourceTree = "<group>"; };
		FFCEDE04267236500073BE20 /* Search.swift */ = {isa = PBXFileReference; lastKnownFileType = sourcecode.swift; path = Search.swift; sourceTree = "<group>"; };
		FFCEDE072672367B0073BE20 /* Reports.swift */ = {isa = PBXFileReference; lastKnownFileType = sourcecode.swift; path = Reports.swift; sourceTree = "<group>"; };
		FFDB156A2664E97E00341E8F /* Introduction.swift */ = {isa = PBXFileReference; lastKnownFileType = sourcecode.swift; path = Introduction.swift; sourceTree = "<group>"; };
		FFDB156D2664EA2D00341E8F /* Times.ttc */ = {isa = PBXFileReference; lastKnownFileType = file; name = Times.ttc; path = ../../../../../../System/Library/Fonts/Times.ttc; sourceTree = "<group>"; };
		FFDB15722664EAFB00341E8F /* en */ = {isa = PBXFileReference; indentWidth = 4; lastKnownFileType = text.plist.strings; name = en; path = en.lproj/Localizable.strings; sourceTree = "<group>"; tabWidth = 4; };
		FFDB15742664EDFC00341E8F /* SignUp.swift */ = {isa = PBXFileReference; lastKnownFileType = sourcecode.swift; path = SignUp.swift; sourceTree = "<group>"; };
		FFDB15762664EE9800341E8F /* Background.swift */ = {isa = PBXFileReference; lastKnownFileType = sourcecode.swift; path = Background.swift; sourceTree = "<group>"; };
		FFDB15782664F1BD00341E8F /* Gilroy-Regular.ttf */ = {isa = PBXFileReference; lastKnownFileType = file; name = "Gilroy-Regular.ttf"; path = "../../../../Library/Fonts/Gilroy-Regular.ttf"; sourceTree = "<group>"; };
		FFDB157A2664F2C800341E8F /* BirthdayPicker.swift */ = {isa = PBXFileReference; lastKnownFileType = sourcecode.swift; path = BirthdayPicker.swift; sourceTree = "<group>"; };
		FFDB157C2664FDBC00341E8F /* AuthViewModel.swift */ = {isa = PBXFileReference; lastKnownFileType = sourcecode.swift; path = AuthViewModel.swift; sourceTree = "<group>"; };
		FFDB157E26650A0E00341E8F /* Extensions.swift */ = {isa = PBXFileReference; lastKnownFileType = sourcecode.swift; path = Extensions.swift; sourceTree = "<group>"; };
		FFDB1580266522BE00341E8F /* SignIn.swift */ = {isa = PBXFileReference; lastKnownFileType = sourcecode.swift; path = SignIn.swift; sourceTree = "<group>"; };
		FFDB158226653D6E00341E8F /* AuthService.swift */ = {isa = PBXFileReference; lastKnownFileType = sourcecode.swift; path = AuthService.swift; sourceTree = "<group>"; };
		FFDB158426653DC500341E8F /* GlobalResponse.swift */ = {isa = PBXFileReference; lastKnownFileType = sourcecode.swift; path = GlobalResponse.swift; sourceTree = "<group>"; };
		FFDB158626653E8900341E8F /* NetworkError.swift */ = {isa = PBXFileReference; lastKnownFileType = sourcecode.swift; path = NetworkError.swift; sourceTree = "<group>"; };
		FFDB158826653F5600341E8F /* Credentials.swift */ = {isa = PBXFileReference; lastKnownFileType = sourcecode.swift; path = Credentials.swift; sourceTree = "<group>"; };
		FFDB158A26655DD500341E8F /* CheckVerificationCode.swift */ = {isa = PBXFileReference; lastKnownFileType = sourcecode.swift; path = CheckVerificationCode.swift; sourceTree = "<group>"; };
		FFDB158C26655E7800341E8F /* CustomAlert.swift */ = {isa = PBXFileReference; lastKnownFileType = sourcecode.swift; path = CustomAlert.swift; sourceTree = "<group>"; };
		FFDB158E2665607000341E8F /* AppColors.swift */ = {isa = PBXFileReference; lastKnownFileType = sourcecode.swift; path = AppColors.swift; sourceTree = "<group>"; };
		FFDB159426658C3400341E8F /* MockAuthService.swift */ = {isa = PBXFileReference; lastKnownFileType = sourcecode.swift; path = MockAuthService.swift; sourceTree = "<group>"; };
		FFDB159626658EDF00341E8F /* AuthViewModelTests.swift */ = {isa = PBXFileReference; lastKnownFileType = sourcecode.swift; path = AuthViewModelTests.swift; sourceTree = "<group>"; };
		FFDB159F2666571A00341E8F /* OTPTextFieldView.swift */ = {isa = PBXFileReference; lastKnownFileType = sourcecode.swift; path = OTPTextFieldView.swift; sourceTree = "<group>"; };
		FFDB15A626669AA000341E8F /* ChooseGender.swift */ = {isa = PBXFileReference; lastKnownFileType = sourcecode.swift; path = ChooseGender.swift; sourceTree = "<group>"; };
		FFDB15A826669B9400341E8F /* TopGender.swift */ = {isa = PBXFileReference; lastKnownFileType = sourcecode.swift; path = TopGender.swift; sourceTree = "<group>"; };
		FFDB15AA26669F7C00341E8F /* MoreGenders.swift */ = {isa = PBXFileReference; lastKnownFileType = sourcecode.swift; path = MoreGenders.swift; sourceTree = "<group>"; };
		FFDB15AC2666C03F00341E8F /* ConnectionType.swift */ = {isa = PBXFileReference; lastKnownFileType = sourcecode.swift; path = ConnectionType.swift; sourceTree = "<group>"; };
		FFDB15AE2666C0E100341E8F /* SingleConnectionType.swift */ = {isa = PBXFileReference; lastKnownFileType = sourcecode.swift; path = SingleConnectionType.swift; sourceTree = "<group>"; };
		FFDB15B02666C18900341E8F /* Avenir.ttc */ = {isa = PBXFileReference; lastKnownFileType = file; name = Avenir.ttc; path = ../../../../../../System/Library/Fonts/Avenir.ttc; sourceTree = "<group>"; };
		FFE0E4112677E5DC008FA78C /* SingleMatch.swift */ = {isa = PBXFileReference; lastKnownFileType = sourcecode.swift; path = SingleMatch.swift; sourceTree = "<group>"; };
		FFE0E4132677E6F6008FA78C /* MatchModel.swift */ = {isa = PBXFileReference; lastKnownFileType = sourcecode.swift; path = MatchModel.swift; sourceTree = "<group>"; };
		FFE0E4152677F97F008FA78C /* FilterMatches.swift */ = {isa = PBXFileReference; lastKnownFileType = sourcecode.swift; path = FilterMatches.swift; sourceTree = "<group>"; };
		FFE0E4172677FD89008FA78C /* MatchesNavBar.swift */ = {isa = PBXFileReference; lastKnownFileType = sourcecode.swift; path = MatchesNavBar.swift; sourceTree = "<group>"; };
		FFE0E41926780053008FA78C /* Gilroy-Bold.ttf */ = {isa = PBXFileReference; lastKnownFileType = file; name = "Gilroy-Bold.ttf"; path = "../../../../Library/Fonts/Gilroy-Bold.ttf"; sourceTree = "<group>"; };
		FFE0E41B2678082B008FA78C /* MatchService.swift */ = {isa = PBXFileReference; lastKnownFileType = sourcecode.swift; path = MatchService.swift; sourceTree = "<group>"; };
		FFE0E41D2678090D008FA78C /* MatchesViewModel.swift */ = {isa = PBXFileReference; lastKnownFileType = sourcecode.swift; path = MatchesViewModel.swift; sourceTree = "<group>"; };
		FFE0E42126794DAB008FA78C /* MockMatchService.swift */ = {isa = PBXFileReference; lastKnownFileType = sourcecode.swift; path = MockMatchService.swift; sourceTree = "<group>"; };
		FFE0E42326794ECC008FA78C /* MatchesViewModelTests.swift */ = {isa = PBXFileReference; lastKnownFileType = sourcecode.swift; path = MatchesViewModelTests.swift; sourceTree = "<group>"; };
		FFE0E42726794F97008FA78C /* CategoryItemModel.swift */ = {isa = PBXFileReference; lastKnownFileType = sourcecode.swift; path = CategoryItemModel.swift; sourceTree = "<group>"; };
/* End PBXFileReference section */

/* Begin PBXFrameworksBuildPhase section */
		FFBEA6772664E4290033B2ED /* Frameworks */ = {
			isa = PBXFrameworksBuildPhase;
			buildActionMask = 2147483647;
			files = (
				FF3D63D92697902F00799E72 /* StoreKit.framework in Frameworks */,
				FFDB15A32666576900341E8F /* BuildFile in Frameworks */,
				B3967179856FBBF97DC71F71 /* Pods_Secret_Language.framework in Frameworks */,
			);
			runOnlyForDeploymentPostprocessing = 0;
		};
		FFBEA6882664E42A0033B2ED /* Frameworks */ = {
			isa = PBXFrameworksBuildPhase;
			buildActionMask = 2147483647;
			files = (
				B8E5EA7B9881854B06AEC78C /* Pods_Secret_LanguageTests.framework in Frameworks */,
			);
			runOnlyForDeploymentPostprocessing = 0;
		};
		FFBEA6932664E42A0033B2ED /* Frameworks */ = {
			isa = PBXFrameworksBuildPhase;
			buildActionMask = 2147483647;
			files = (
				58AA22D4BE8B3B8BDEDDFBEC /* Pods_Secret_Language_Secret_LanguageUITests.framework in Frameworks */,
			);
			runOnlyForDeploymentPostprocessing = 0;
		};
/* End PBXFrameworksBuildPhase section */

/* Begin PBXGroup section */
		2FB1F4797FAD757C32B0DC27 /* Pods */ = {
			isa = PBXGroup;
			children = (
				401EF34C041AD97935E0B728 /* Pods-Secret Language.debug.xcconfig */,
				82D8B771B4B288C22C6F6EDB /* Pods-Secret Language.release.xcconfig */,
				90A9EF0E2A392C2C87527EED /* Pods-Secret Language-Secret LanguageUITests.debug.xcconfig */,
				19A5B36D67E245BECA455E9B /* Pods-Secret Language-Secret LanguageUITests.release.xcconfig */,
				6D4742105DF15E8C83B8CD87 /* Pods-Secret LanguageTests.debug.xcconfig */,
				A321C1F5BB47FF41DEAF3C30 /* Pods-Secret LanguageTests.release.xcconfig */,
			);
			path = Pods;
			sourceTree = "<group>";
		};
		9B70D7CE06FC8388D03319EF /* Frameworks */ = {
			isa = PBXGroup;
			children = (
				FF3D63D82697902F00799E72 /* StoreKit.framework */,
				23ABCA02578CD7C521651D4E /* Pods_Secret_Language.framework */,
				9FC353DFC6958CD1DA2B2F1B /* Pods_Secret_Language_Secret_LanguageUITests.framework */,
				EB71779BF809B86B63FF7648 /* Pods_Secret_LanguageTests.framework */,
			);
			name = Frameworks;
			sourceTree = "<group>";
		};
		FF456F872693C7C5008F219E /* RelationshipReport */ = {
			isa = PBXGroup;
			children = (
				FF456F8126939576008F219E /* RelationshipReport.swift */,
			);
			path = RelationshipReport;
			sourceTree = "<group>";
		};
		FF456F882693C7DB008F219E /* BirthdayReport */ = {
			isa = PBXGroup;
			children = (
				FF997E9E268E74D60057B731 /* BirthdayReport.swift */,
				FF3D63CC2694951D00799E72 /* PersonalityAndFamousTab.swift */,
				FF456F892693C7EC008F219E /* DayReport.swift */,
				FF3D63C02693C98B00799E72 /* WeekReport.swift */,
				FF3D63C22693C99500799E72 /* MonthReport.swift */,
				FF3D63C42693C99E00799E72 /* SeasonReport.swift */,
				FF3D63C6269485EF00799E72 /* ReportSection.swift */,
				FF3D63D62697281E00799E72 /* WayReport.swift */,
				FF3D63D42697273F00799E72 /* PathReport.swift */,
				FF3D63C82694910700799E72 /* FamousList.swift */,
				FF3D63CA2694914400799E72 /* FamousListCell.swift */,
				FF3D63CE269507FB00799E72 /* SWViewHelper.swift */,
				FF3D63D226965F7A00799E72 /* ReportGridItem.swift */,
			);
			path = BirthdayReport;
			sourceTree = "<group>";
		};
		FF4AB0F9268504970085EA9A /* Settings */ = {
			isa = PBXGroup;
			children = (
				FF4AB0FA268504A20085EA9A /* Settings.swift */,
			);
			path = Settings;
			sourceTree = "<group>";
		};
		FF997E8F268A60050057B731 /* VisitedProfile */ = {
			isa = PBXGroup;
			children = (
				FF997E90268A60150057B731 /* VisitedProfile.swift */,
			);
			path = VisitedProfile;
			sourceTree = "<group>";
		};
		FFBEA6712664E4290033B2ED = {
			isa = PBXGroup;
			children = (
				FFBEA6B02664E72D0033B2ED /* .gitignore */,
				FFBEA67C2664E4290033B2ED /* Secret Language */,
				FFBEA68E2664E42A0033B2ED /* Secret LanguageTests */,
				FFBEA6992664E42A0033B2ED /* Secret LanguageUITests */,
				FFBEA67B2664E4290033B2ED /* Products */,
				2FB1F4797FAD757C32B0DC27 /* Pods */,
				9B70D7CE06FC8388D03319EF /* Frameworks */,
			);
			sourceTree = "<group>";
		};
		FFBEA67B2664E4290033B2ED /* Products */ = {
			isa = PBXGroup;
			children = (
				FFBEA67A2664E4290033B2ED /* Secret Language.app */,
				FFBEA68B2664E42A0033B2ED /* Secret LanguageTests.xctest */,
				FFBEA6962664E42A0033B2ED /* Secret LanguageUITests.xctest */,
			);
			name = Products;
			sourceTree = "<group>";
		};
		FFBEA67C2664E4290033B2ED /* Secret Language */ = {
			isa = PBXGroup;
			children = (
				FF3D63DD2697926A00799E72 /* Configuration.storekit */,
				FF3D63DA2697914300799E72 /* Secret Language.entitlements */,
				FFBEA6AF2664E63F0033B2ED /* Utils */,
				FFBEA6AE2664E63A0033B2ED /* Models */,
				FFBEA6AD2664E6340033B2ED /* Services */,
				FFBEA6AC2664E62E0033B2ED /* ViewModels */,
				FFBEA6AB2664E6230033B2ED /* View */,
				FFBEA67D2664E4290033B2ED /* Secret_LanguageApp.swift */,
				FFBEA67F2664E4290033B2ED /* ContentView.swift */,
				FF1AD6C6268645E100B0DCC9 /* PusherManager.swift */,
				FFBEA6812664E42A0033B2ED /* Assets.xcassets */,
				FFBEA6862664E42A0033B2ED /* Info.plist */,
				FFBEA6832664E42A0033B2ED /* Preview Content */,
				FFBEA6A82664E4D00033B2ED /* LaunchScreen.storyboard */,
				FFDB156C2664EA1E00341E8F /* font */,
				FFDB15732664EAFB00341E8F /* Localizable.strings */,
				FFDB158826653F5600341E8F /* Credentials.swift */,
			);
			path = "Secret Language";
			sourceTree = "<group>";
		};
		FFBEA6832664E42A0033B2ED /* Preview Content */ = {
			isa = PBXGroup;
			children = (
				FFBEA6842664E42A0033B2ED /* Preview Assets.xcassets */,
			);
			path = "Preview Content";
			sourceTree = "<group>";
		};
		FFBEA68E2664E42A0033B2ED /* Secret LanguageTests */ = {
			isa = PBXGroup;
			children = (
				FFDB159126658C1100341E8F /* Services */,
				FFDB159026658C0B00341E8F /* ViewModels */,
				FFBEA68F2664E42A0033B2ED /* Secret_LanguageTests.swift */,
				FFBEA6912664E42A0033B2ED /* Info.plist */,
			);
			path = "Secret LanguageTests";
			sourceTree = "<group>";
		};
		FFBEA6992664E42A0033B2ED /* Secret LanguageUITests */ = {
			isa = PBXGroup;
			children = (
				FFBEA69A2664E42A0033B2ED /* Secret_LanguageUITests.swift */,
				FFBEA69C2664E42A0033B2ED /* Info.plist */,
			);
			path = "Secret LanguageUITests";
			sourceTree = "<group>";
		};
		FFBEA6AA2664E6180033B2ED /* Authentication */ = {
			isa = PBXGroup;
			children = (
				FFDB15982665A1D300341E8F /* OTP */,
				FFDB156A2664E97E00341E8F /* Introduction.swift */,
				FFDB15742664EDFC00341E8F /* SignUp.swift */,
				FFDB158A26655DD500341E8F /* CheckVerificationCode.swift */,
				FFDB157A2664F2C800341E8F /* BirthdayPicker.swift */,
				FFCEDDF4267100010073BE20 /* UserFullName.swift */,
				FFDB1580266522BE00341E8F /* SignIn.swift */,
				FF58C40F26682F4900BD3838 /* SignInCheckVerificationCode.swift */,
				FFDB15A626669AA000341E8F /* ChooseGender.swift */,
				FFDB15A826669B9400341E8F /* TopGender.swift */,
				FFDB15AA26669F7C00341E8F /* MoreGenders.swift */,
				FFDB15AC2666C03F00341E8F /* ConnectionType.swift */,
				FFDB15AE2666C0E100341E8F /* SingleConnectionType.swift */,
				FFCEDDEE266E491F0073BE20 /* AuthNavTitle.swift */,
			);
			path = Authentication;
			sourceTree = "<group>";
		};
		FFBEA6AB2664E6230033B2ED /* View */ = {
			isa = PBXGroup;
			children = (
				FFCEDE06267236700073BE20 /* Reports */,
				FFCEDE03267236440073BE20 /* Search */,
				FFCEDE00267236150073BE20 /* Profile */,
				FFCEDDFD267235E90073BE20 /* Chats */,
				FFCEDDFA267235B90073BE20 /* Matches */,
				FFBEA6AA2664E6180033B2ED /* Authentication */,
				FFDB15762664EE9800341E8F /* Background.swift */,
				FFDB158C26655E7800341E8F /* CustomAlert.swift */,
				FFCEDDF626722A050073BE20 /* CustomTabBar.swift */,
				FF3D63D0269508D500799E72 /* ImageHelper.swift */,
			);
			path = View;
			sourceTree = "<group>";
		};
		FFBEA6AC2664E62E0033B2ED /* ViewModels */ = {
			isa = PBXGroup;
			children = (
				FFDB157C2664FDBC00341E8F /* AuthViewModel.swift */,
				FFE0E41D2678090D008FA78C /* MatchesViewModel.swift */,
				FF42BD98267B8B1D000DCA6D /* LocationManager.swift */,
				FF99A0312680BD7200F234CD /* ProfileViewModel.swift */,
				FF997E852689DAB20057B731 /* SearchViewModel.swift */,
				FF997E94268C96C10057B731 /* ReportViewModel.swift */,
				FF3D63DB269791C200799E72 /* PaymentViewModel.swift */,
				FF18DC3B269F61AF004BE946 /* ChatViewModel.swift */,
				FF8AA6D826A098EC000C6B41 /* MessageRoomViewModel.swift */,
			);
			path = ViewModels;
			sourceTree = "<group>";
		};
		FFBEA6AD2664E6340033B2ED /* Services */ = {
			isa = PBXGroup;
			children = (
				FFDB158226653D6E00341E8F /* AuthService.swift */,
				FFE0E41B2678082B008FA78C /* MatchService.swift */,
				FF99A03F2681114400F234CD /* ProfileService.swift */,
				FF997E8B2689FF250057B731 /* SearchService.swift */,
				FF997E8D268A13080057B731 /* UserService.swift */,
				FF997E9C268E72D40057B731 /* ReportService.swift */,
				FF3D63E12697AD1800799E72 /* PaymentService.swift */,
				FF18DC3F269F669E004BE946 /* ChatService.swift */,
			);
			path = Services;
			sourceTree = "<group>";
		};
		FFBEA6AE2664E63A0033B2ED /* Models */ = {
			isa = PBXGroup;
			children = (
				FFDB158426653DC500341E8F /* GlobalResponse.swift */,
				FFDB158626653E8900341E8F /* NetworkError.swift */,
				FF58C40B2667B9C300BD3838 /* ConnectionTypeModel.swift */,
				FF58C40D2667BBA200BD3838 /* GenderModel.swift */,
				FFCEDDF0266E642C0073BE20 /* SignUpRequest.swift */,
				FFCEDDF2266FB0350073BE20 /* AuthResponse.swift */,
				FFE0E4132677E6F6008FA78C /* MatchModel.swift */,
				FFE0E42726794F97008FA78C /* CategoryItemModel.swift */,
				FF42BD9A267BCE1F000DCA6D /* Location.swift */,
				FF99A0332680C5C000F234CD /* UserPreviewModel.swift */,
				FF997E98268CDAC80057B731 /* SearchUserModel.swift */,
				FF99A0412681354500F234CD /* GetMatchesRequest.swift */,
				FF4AB0F5268503530085EA9A /* UserModel.swift */,
				FF997EA2268FCC720057B731 /* BirthdayReportModel.swift */,
				FF997EA4268FCCF80057B731 /* RelationshipReportModel.swift */,
				FF456F832693BD01008F219E /* FamousModel.swift */,
				FF18DC33269F4D11004BE946 /* ChatModel.swift */,
				FF8AA6DE26A09EB2000C6B41 /* Message.swift */,
				FF3727ED26A5051C00B20925 /* SendingMessageModel.swift */,
				FF3727F126A5DA2400B20925 /* TypingResponse.swift */,
			);
			path = Models;
			sourceTree = "<group>";
		};
		FFBEA6AF2664E63F0033B2ED /* Utils */ = {
			isa = PBXGroup;
			children = (
				FFDB157E26650A0E00341E8F /* Extensions.swift */,
				FFDB158E2665607000341E8F /* AppColors.swift */,
				FF42BD9C267BD082000DCA6D /* LabelAlignment.swift */,
				FF3D63E3269924DC00799E72 /* PreviewParameters.swift */,
			);
			path = Utils;
			sourceTree = "<group>";
		};
		FFCEDDFA267235B90073BE20 /* Matches */ = {
			isa = PBXGroup;
			children = (
				FFCEDDFB267235D10073BE20 /* Matches.swift */,
				FFE0E4112677E5DC008FA78C /* SingleMatch.swift */,
				FFE0E4152677F97F008FA78C /* FilterMatches.swift */,
				FFE0E4172677FD89008FA78C /* MatchesNavBar.swift */,
			);
			path = Matches;
			sourceTree = "<group>";
		};
		FFCEDDFD267235E90073BE20 /* Chats */ = {
			isa = PBXGroup;
			children = (
				FFCEDDFE267235FB0073BE20 /* Chat.swift */,
				FF18DC37269F6082004BE946 /* ChatList.swift */,
				FF18DC39269F61A7004BE946 /* ChatListCell.swift */,
				FF18DC3D269F658D004BE946 /* ChatRoom.swift */,
				FF8AA6D626A098BD000C6B41 /* MessageBar.swift */,
				FF8AA6DA26A09E31000C6B41 /* MessagesList.swift */,
				FF8AA6DC26A09E87000C6B41 /* SingleMessage.swift */,
				FF8AA6E026A31DB9000C6B41 /* SingleMessageContent.swift */,
				FF18DC45269FAA96004BE946 /* ChatRoomNavBar.swift */,
				FF3727EF26A5074500B20925 /* Gallery.swift */,
			);
			path = Chats;
			sourceTree = "<group>";
		};
		FFCEDE00267236150073BE20 /* Profile */ = {
			isa = PBXGroup;
			children = (
				FF997E8F268A60050057B731 /* VisitedProfile */,
				FF4AB0F9268504970085EA9A /* Settings */,
				FFCEDE01267236200073BE20 /* Profile.swift */,
				FF99A0352680C61C00F234CD /* FriendsList.swift */,
				FF99A0392680C6CE00F234CD /* FriendListCell.swift */,
				FF99A04D268367C500F234CD /* PendingRequestsList.swift */,
				FF99A04F2683684400F234CD /* PendingListCell.swift */,
				FF99A03B2680E98B00F234CD /* FriendRequestList.swift */,
				FF99A03D2680E9A000F234CD /* FriendRequestCell.swift */,
				FF99A0372680C65300F234CD /* FriendsNavBar.swift */,
				FF4AB0FC2685091B0085EA9A /* ProfileImagePicker.swift */,
				FF4AB0FE268528B60085EA9A /* EmptyList.swift */,
			);
			path = Profile;
			sourceTree = "<group>";
		};
		FFCEDE03267236440073BE20 /* Search */ = {
			isa = PBXGroup;
			children = (
				FFCEDE04267236500073BE20 /* Search.swift */,
				FF997E892689E6BA0057B731 /* SingleSearchResult.swift */,
				FF997E9A268CDB300057B731 /* SearchResultActionButtons.swift */,
				FF997E872689DCDF0057B731 /* SearchNavBar.swift */,
			);
			path = Search;
			sourceTree = "<group>";
		};
		FFCEDE06267236700073BE20 /* Reports */ = {
			isa = PBXGroup;
			children = (
				FF456F882693C7DB008F219E /* BirthdayReport */,
				FF456F872693C7C5008F219E /* RelationshipReport */,
				FFCEDE072672367B0073BE20 /* Reports.swift */,
				FF997E96268C97880057B731 /* ReportBirthdayPicker.swift */,
				FF997EA0268E754A0057B731 /* PaymentView.swift */,
				FF18DC31269CF4BF004BE946 /* PaymentOrReportDetectionView.swift */,
			);
			path = Reports;
			sourceTree = "<group>";
		};
		FFDB156C2664EA1E00341E8F /* font */ = {
			isa = PBXGroup;
			children = (
				FF997E92268B8DE80057B731 /* SignPainter.ttc */,
				FF4AB0F7268503DC0085EA9A /* AppleMyungjo.ttf */,
				FFE0E41926780053008FA78C /* Gilroy-Bold.ttf */,
				FFDB156D2664EA2D00341E8F /* Times.ttc */,
				FFDB15B02666C18900341E8F /* Avenir.ttc */,
				FFDB15782664F1BD00341E8F /* Gilroy-Regular.ttf */,
			);
			path = font;
			sourceTree = "<group>";
		};
		FFDB159026658C0B00341E8F /* ViewModels */ = {
			isa = PBXGroup;
			children = (
				FFDB159626658EDF00341E8F /* AuthViewModelTests.swift */,
				FFE0E42326794ECC008FA78C /* MatchesViewModelTests.swift */,
				FF99A0452681DB4E00F234CD /* ProfileViewModelTests.swift */,
				FF997EA8268FD3090057B731 /* ReportsViewModelTests.swift */,
				FF18DC43269F8EEF004BE946 /* ChatViewModelTests.swift */,
			);
			path = ViewModels;
			sourceTree = "<group>";
		};
		FFDB159126658C1100341E8F /* Services */ = {
			isa = PBXGroup;
			children = (
				FFDB159426658C3400341E8F /* MockAuthService.swift */,
				FFE0E42126794DAB008FA78C /* MockMatchService.swift */,
				FF99A0472681DB6400F234CD /* MockProfileService.swift */,
				FF997EA6268FD0900057B731 /* MockReportService.swift */,
				FF18DC41269F8DBF004BE946 /* MockChatService.swift */,
			);
			path = Services;
			sourceTree = "<group>";
		};
		FFDB15982665A1D300341E8F /* OTP */ = {
			isa = PBXGroup;
			children = (
				FFDB159F2666571A00341E8F /* OTPTextFieldView.swift */,
			);
			path = OTP;
			sourceTree = "<group>";
		};
/* End PBXGroup section */

/* Begin PBXNativeTarget section */
		FFBEA6792664E4290033B2ED /* Secret Language */ = {
			isa = PBXNativeTarget;
			buildConfigurationList = FFBEA69F2664E42A0033B2ED /* Build configuration list for PBXNativeTarget "Secret Language" */;
			buildPhases = (
				96492D7390D21526B91B1C04 /* [CP] Check Pods Manifest.lock */,
				FFBEA6762664E4290033B2ED /* Sources */,
				FFBEA6772664E4290033B2ED /* Frameworks */,
				FFBEA6782664E4290033B2ED /* Resources */,
				1BF9AD85D229670BC9075AE5 /* [CP] Embed Pods Frameworks */,
			);
			buildRules = (
			);
			dependencies = (
			);
			name = "Secret Language";
			packageProductDependencies = (
				FFDB15A22666576900341E8F /* SwiftPackageProductDependency */,
			);
			productName = "Secret Language";
			productReference = FFBEA67A2664E4290033B2ED /* Secret Language.app */;
			productType = "com.apple.product-type.application";
		};
		FFBEA68A2664E42A0033B2ED /* Secret LanguageTests */ = {
			isa = PBXNativeTarget;
			buildConfigurationList = FFBEA6A22664E42A0033B2ED /* Build configuration list for PBXNativeTarget "Secret LanguageTests" */;
			buildPhases = (
				91BDA04331DBF7FA7C6D7677 /* [CP] Check Pods Manifest.lock */,
				FFBEA6872664E42A0033B2ED /* Sources */,
				FFBEA6882664E42A0033B2ED /* Frameworks */,
				FFBEA6892664E42A0033B2ED /* Resources */,
			);
			buildRules = (
			);
			dependencies = (
				FFBEA68D2664E42A0033B2ED /* PBXTargetDependency */,
			);
			name = "Secret LanguageTests";
			productName = "Secret LanguageTests";
			productReference = FFBEA68B2664E42A0033B2ED /* Secret LanguageTests.xctest */;
			productType = "com.apple.product-type.bundle.unit-test";
		};
		FFBEA6952664E42A0033B2ED /* Secret LanguageUITests */ = {
			isa = PBXNativeTarget;
			buildConfigurationList = FFBEA6A52664E42A0033B2ED /* Build configuration list for PBXNativeTarget "Secret LanguageUITests" */;
			buildPhases = (
				B52E901A7DD9409EA6610A71 /* [CP] Check Pods Manifest.lock */,
				FFBEA6922664E42A0033B2ED /* Sources */,
				FFBEA6932664E42A0033B2ED /* Frameworks */,
				FFBEA6942664E42A0033B2ED /* Resources */,
				B2A20660BA6B611510FF0840 /* [CP] Embed Pods Frameworks */,
			);
			buildRules = (
			);
			dependencies = (
				FFBEA6982664E42A0033B2ED /* PBXTargetDependency */,
			);
			name = "Secret LanguageUITests";
			productName = "Secret LanguageUITests";
			productReference = FFBEA6962664E42A0033B2ED /* Secret LanguageUITests.xctest */;
			productType = "com.apple.product-type.bundle.ui-testing";
		};
/* End PBXNativeTarget section */

/* Begin PBXProject section */
		FFBEA6722664E4290033B2ED /* Project object */ = {
			isa = PBXProject;
			attributes = {
				LastSwiftUpdateCheck = 1250;
				LastUpgradeCheck = 1250;
				TargetAttributes = {
					FFBEA6792664E4290033B2ED = {
						CreatedOnToolsVersion = 12.5;
					};
					FFBEA68A2664E42A0033B2ED = {
						CreatedOnToolsVersion = 12.5;
						TestTargetID = FFBEA6792664E4290033B2ED;
					};
					FFBEA6952664E42A0033B2ED = {
						CreatedOnToolsVersion = 12.5;
						TestTargetID = FFBEA6792664E4290033B2ED;
					};
				};
			};
			buildConfigurationList = FFBEA6752664E4290033B2ED /* Build configuration list for PBXProject "Secret Language" */;
			compatibilityVersion = "Xcode 9.3";
			developmentRegion = en;
			hasScannedForEncodings = 0;
			knownRegions = (
				en,
				Base,
			);
			mainGroup = FFBEA6712664E4290033B2ED;
			packageReferences = (
				FFDB15A12666576900341E8F /* RemoteSwiftPackageReference */,
			);
			productRefGroup = FFBEA67B2664E4290033B2ED /* Products */;
			projectDirPath = "";
			projectRoot = "";
			targets = (
				FFBEA6792664E4290033B2ED /* Secret Language */,
				FFBEA68A2664E42A0033B2ED /* Secret LanguageTests */,
				FFBEA6952664E42A0033B2ED /* Secret LanguageUITests */,
			);
		};
/* End PBXProject section */

/* Begin PBXResourcesBuildPhase section */
		FFBEA6782664E4290033B2ED /* Resources */ = {
			isa = PBXResourcesBuildPhase;
			buildActionMask = 2147483647;
			files = (
				FFDB15B12666C18900341E8F /* Avenir.ttc in Resources */,
				FF3D63DE2697926A00799E72 /* Configuration.storekit in Resources */,
				FF997E93268B8DE80057B731 /* SignPainter.ttc in Resources */,
				FFDB156E2664EA2D00341E8F /* Times.ttc in Resources */,
				FFDB15712664EAFB00341E8F /* Localizable.strings in Resources */,
				FFE0E41A26780053008FA78C /* Gilroy-Bold.ttf in Resources */,
				FFBEA6B12664E72D0033B2ED /* .gitignore in Resources */,
				FFBEA6A92664E4D00033B2ED /* LaunchScreen.storyboard in Resources */,
				FFBEA6852664E42A0033B2ED /* Preview Assets.xcassets in Resources */,
				FF4AB0F8268503DC0085EA9A /* AppleMyungjo.ttf in Resources */,
				FFDB15792664F1BD00341E8F /* Gilroy-Regular.ttf in Resources */,
				FFBEA6822664E42A0033B2ED /* Assets.xcassets in Resources */,
			);
			runOnlyForDeploymentPostprocessing = 0;
		};
		FFBEA6892664E42A0033B2ED /* Resources */ = {
			isa = PBXResourcesBuildPhase;
			buildActionMask = 2147483647;
			files = (
			);
			runOnlyForDeploymentPostprocessing = 0;
		};
		FFBEA6942664E42A0033B2ED /* Resources */ = {
			isa = PBXResourcesBuildPhase;
			buildActionMask = 2147483647;
			files = (
			);
			runOnlyForDeploymentPostprocessing = 0;
		};
/* End PBXResourcesBuildPhase section */

/* Begin PBXShellScriptBuildPhase section */
		1BF9AD85D229670BC9075AE5 /* [CP] Embed Pods Frameworks */ = {
			isa = PBXShellScriptBuildPhase;
			buildActionMask = 2147483647;
			files = (
			);
			inputFileListPaths = (
				"${PODS_ROOT}/Target Support Files/Pods-Secret Language/Pods-Secret Language-frameworks-${CONFIGURATION}-input-files.xcfilelist",
			);
			name = "[CP] Embed Pods Frameworks";
			outputFileListPaths = (
				"${PODS_ROOT}/Target Support Files/Pods-Secret Language/Pods-Secret Language-frameworks-${CONFIGURATION}-output-files.xcfilelist",
			);
			runOnlyForDeploymentPostprocessing = 0;
			shellPath = /bin/sh;
			shellScript = "\"${PODS_ROOT}/Target Support Files/Pods-Secret Language/Pods-Secret Language-frameworks.sh\"\n";
			showEnvVarsInLog = 0;
		};
		91BDA04331DBF7FA7C6D7677 /* [CP] Check Pods Manifest.lock */ = {
			isa = PBXShellScriptBuildPhase;
			buildActionMask = 2147483647;
			files = (
			);
			inputFileListPaths = (
			);
			inputPaths = (
				"${PODS_PODFILE_DIR_PATH}/Podfile.lock",
				"${PODS_ROOT}/Manifest.lock",
			);
			name = "[CP] Check Pods Manifest.lock";
			outputFileListPaths = (
			);
			outputPaths = (
				"$(DERIVED_FILE_DIR)/Pods-Secret LanguageTests-checkManifestLockResult.txt",
			);
			runOnlyForDeploymentPostprocessing = 0;
			shellPath = /bin/sh;
			shellScript = "diff \"${PODS_PODFILE_DIR_PATH}/Podfile.lock\" \"${PODS_ROOT}/Manifest.lock\" > /dev/null\nif [ $? != 0 ] ; then\n    # print error to STDERR\n    echo \"error: The sandbox is not in sync with the Podfile.lock. Run 'pod install' or update your CocoaPods installation.\" >&2\n    exit 1\nfi\n# This output is used by Xcode 'outputs' to avoid re-running this script phase.\necho \"SUCCESS\" > \"${SCRIPT_OUTPUT_FILE_0}\"\n";
			showEnvVarsInLog = 0;
		};
		96492D7390D21526B91B1C04 /* [CP] Check Pods Manifest.lock */ = {
			isa = PBXShellScriptBuildPhase;
			buildActionMask = 2147483647;
			files = (
			);
			inputFileListPaths = (
			);
			inputPaths = (
				"${PODS_PODFILE_DIR_PATH}/Podfile.lock",
				"${PODS_ROOT}/Manifest.lock",
			);
			name = "[CP] Check Pods Manifest.lock";
			outputFileListPaths = (
			);
			outputPaths = (
				"$(DERIVED_FILE_DIR)/Pods-Secret Language-checkManifestLockResult.txt",
			);
			runOnlyForDeploymentPostprocessing = 0;
			shellPath = /bin/sh;
			shellScript = "diff \"${PODS_PODFILE_DIR_PATH}/Podfile.lock\" \"${PODS_ROOT}/Manifest.lock\" > /dev/null\nif [ $? != 0 ] ; then\n    # print error to STDERR\n    echo \"error: The sandbox is not in sync with the Podfile.lock. Run 'pod install' or update your CocoaPods installation.\" >&2\n    exit 1\nfi\n# This output is used by Xcode 'outputs' to avoid re-running this script phase.\necho \"SUCCESS\" > \"${SCRIPT_OUTPUT_FILE_0}\"\n";
			showEnvVarsInLog = 0;
		};
		B2A20660BA6B611510FF0840 /* [CP] Embed Pods Frameworks */ = {
			isa = PBXShellScriptBuildPhase;
			buildActionMask = 2147483647;
			files = (
			);
			inputFileListPaths = (
				"${PODS_ROOT}/Target Support Files/Pods-Secret Language-Secret LanguageUITests/Pods-Secret Language-Secret LanguageUITests-frameworks-${CONFIGURATION}-input-files.xcfilelist",
			);
			name = "[CP] Embed Pods Frameworks";
			outputFileListPaths = (
				"${PODS_ROOT}/Target Support Files/Pods-Secret Language-Secret LanguageUITests/Pods-Secret Language-Secret LanguageUITests-frameworks-${CONFIGURATION}-output-files.xcfilelist",
			);
			runOnlyForDeploymentPostprocessing = 0;
			shellPath = /bin/sh;
			shellScript = "\"${PODS_ROOT}/Target Support Files/Pods-Secret Language-Secret LanguageUITests/Pods-Secret Language-Secret LanguageUITests-frameworks.sh\"\n";
			showEnvVarsInLog = 0;
		};
		B52E901A7DD9409EA6610A71 /* [CP] Check Pods Manifest.lock */ = {
			isa = PBXShellScriptBuildPhase;
			buildActionMask = 2147483647;
			files = (
			);
			inputFileListPaths = (
			);
			inputPaths = (
				"${PODS_PODFILE_DIR_PATH}/Podfile.lock",
				"${PODS_ROOT}/Manifest.lock",
			);
			name = "[CP] Check Pods Manifest.lock";
			outputFileListPaths = (
			);
			outputPaths = (
				"$(DERIVED_FILE_DIR)/Pods-Secret Language-Secret LanguageUITests-checkManifestLockResult.txt",
			);
			runOnlyForDeploymentPostprocessing = 0;
			shellPath = /bin/sh;
			shellScript = "diff \"${PODS_PODFILE_DIR_PATH}/Podfile.lock\" \"${PODS_ROOT}/Manifest.lock\" > /dev/null\nif [ $? != 0 ] ; then\n    # print error to STDERR\n    echo \"error: The sandbox is not in sync with the Podfile.lock. Run 'pod install' or update your CocoaPods installation.\" >&2\n    exit 1\nfi\n# This output is used by Xcode 'outputs' to avoid re-running this script phase.\necho \"SUCCESS\" > \"${SCRIPT_OUTPUT_FILE_0}\"\n";
			showEnvVarsInLog = 0;
		};
/* End PBXShellScriptBuildPhase section */

/* Begin PBXSourcesBuildPhase section */
		FFBEA6762664E4290033B2ED /* Sources */ = {
			isa = PBXSourcesBuildPhase;
			buildActionMask = 2147483647;
			files = (
				FF3D63D72697281E00799E72 /* WayReport.swift in Sources */,
				FFDB15A02666571A00341E8F /* OTPTextFieldView.swift in Sources */,
				FF997E91268A60150057B731 /* VisitedProfile.swift in Sources */,
				FF18DC32269CF4BF004BE946 /* PaymentOrReportDetectionView.swift in Sources */,
				FFDB158526653DC500341E8F /* GlobalResponse.swift in Sources */,
				FF99A03C2680E98B00F234CD /* FriendRequestList.swift in Sources */,
				FF456F8A2693C7EC008F219E /* DayReport.swift in Sources */,
				FFDB157B2664F2C800341E8F /* BirthdayPicker.swift in Sources */,
				FF42BD99267B8B1D000DCA6D /* LocationManager.swift in Sources */,
				FFDB1581266522BE00341E8F /* SignIn.swift in Sources */,
				FF8AA6D726A098BD000C6B41 /* MessageBar.swift in Sources */,
				FF8AA6D926A098EC000C6B41 /* MessageRoomViewModel.swift in Sources */,
				FFDB158D26655E7800341E8F /* CustomAlert.swift in Sources */,
				FF997E95268C96C10057B731 /* ReportViewModel.swift in Sources */,
				FFCEDDFF267235FB0073BE20 /* Chat.swift in Sources */,
				FFBEA6802664E4290033B2ED /* ContentView.swift in Sources */,
				FF3727F026A5074500B20925 /* Gallery.swift in Sources */,
				FF3D63D52697273F00799E72 /* PathReport.swift in Sources */,
				FF997E882689DCDF0057B731 /* SearchNavBar.swift in Sources */,
				FF4AB0FF268528B60085EA9A /* EmptyList.swift in Sources */,
				FFDB158926653F5600341E8F /* Credentials.swift in Sources */,
				FFE0E4142677E6F6008FA78C /* MatchModel.swift in Sources */,
				FF3727F226A5DA2400B20925 /* TypingResponse.swift in Sources */,
				FF99A0342680C5C000F234CD /* UserPreviewModel.swift in Sources */,
				FF99A0402681114400F234CD /* ProfileService.swift in Sources */,
				FFDB15AB26669F7C00341E8F /* MoreGenders.swift in Sources */,
				FFCEDDEF266E491F0073BE20 /* AuthNavTitle.swift in Sources */,
				FF58C41026682F4900BD3838 /* SignInCheckVerificationCode.swift in Sources */,
				FFDB15752664EDFC00341E8F /* SignUp.swift in Sources */,
				FF3D63C92694910700799E72 /* FamousList.swift in Sources */,
				FF99A0322680BD7200F234CD /* ProfileViewModel.swift in Sources */,
				FFDB15AD2666C03F00341E8F /* ConnectionType.swift in Sources */,
				FF3D63C32693C99500799E72 /* MonthReport.swift in Sources */,
				FFDB157F26650A0E00341E8F /* Extensions.swift in Sources */,
				FF99A0422681354500F234CD /* GetMatchesRequest.swift in Sources */,
				FF3D63C7269485EF00799E72 /* ReportSection.swift in Sources */,
				FFDB15AF2666C0E100341E8F /* SingleConnectionType.swift in Sources */,
				FFCEDDF5267100010073BE20 /* UserFullName.swift in Sources */,
				FF997EA3268FCC720057B731 /* BirthdayReportModel.swift in Sources */,
				FF3D63C52693C99E00799E72 /* SeasonReport.swift in Sources */,
				FF997E862689DAB20057B731 /* SearchViewModel.swift in Sources */,
				FF18DC3C269F61AF004BE946 /* ChatViewModel.swift in Sources */,
				FFCEDDF1266E642C0073BE20 /* SignUpRequest.swift in Sources */,
				FF3727EE26A5051C00B20925 /* SendingMessageModel.swift in Sources */,
				FFCEDDF726722A050073BE20 /* CustomTabBar.swift in Sources */,
				FF18DC40269F669E004BE946 /* ChatService.swift in Sources */,
				FF3D63E22697AD1800799E72 /* PaymentService.swift in Sources */,
				FF997EA5268FCCF80057B731 /* RelationshipReportModel.swift in Sources */,
				FF997E9F268E74D60057B731 /* BirthdayReport.swift in Sources */,
				FFDB157D2664FDBC00341E8F /* AuthViewModel.swift in Sources */,
				FF3D63C12693C98B00799E72 /* WeekReport.swift in Sources */,
				FF18DC38269F6082004BE946 /* ChatList.swift in Sources */,
				FF997E99268CDAC80057B731 /* SearchUserModel.swift in Sources */,
				FFCEDE02267236200073BE20 /* Profile.swift in Sources */,
				FFDB15A926669B9400341E8F /* TopGender.swift in Sources */,
				FFCEDE05267236500073BE20 /* Search.swift in Sources */,
				FF8AA6DB26A09E31000C6B41 /* MessagesList.swift in Sources */,
				FF4AB0FB268504A20085EA9A /* Settings.swift in Sources */,
				FF99A0382680C65300F234CD /* FriendsNavBar.swift in Sources */,
				FF99A04E268367C500F234CD /* PendingRequestsList.swift in Sources */,
				FF4AB0F6268503530085EA9A /* UserModel.swift in Sources */,
				FFDB156B2664E97E00341E8F /* Introduction.swift in Sources */,
				FF3D63CF269507FB00799E72 /* SWViewHelper.swift in Sources */,
				FFCEDDF3266FB0350073BE20 /* AuthResponse.swift in Sources */,
				FFDB158326653D6E00341E8F /* AuthService.swift in Sources */,
				FF3D63D326965F7A00799E72 /* ReportGridItem.swift in Sources */,
				FF8AA6DD26A09E87000C6B41 /* SingleMessage.swift in Sources */,
				FF3D63CD2694951D00799E72 /* PersonalityAndFamousTab.swift in Sources */,
				FF1AD6C7268645E100B0DCC9 /* PusherManager.swift in Sources */,
				FF18DC34269F4D11004BE946 /* ChatModel.swift in Sources */,
				FF99A03E2680E9A000F234CD /* FriendRequestCell.swift in Sources */,
				FF42BD9D267BD082000DCA6D /* LabelAlignment.swift in Sources */,
				FF997E8A2689E6BA0057B731 /* SingleSearchResult.swift in Sources */,
				FF18DC3E269F658D004BE946 /* ChatRoom.swift in Sources */,
				FFDB158B26655DD500341E8F /* CheckVerificationCode.swift in Sources */,
				FF18DC3A269F61A7004BE946 /* ChatListCell.swift in Sources */,
				FF456F842693BD01008F219E /* FamousModel.swift in Sources */,
				FF58C40C2667B9C300BD3838 /* ConnectionTypeModel.swift in Sources */,
				FF8AA6E126A31DB9000C6B41 /* SingleMessageContent.swift in Sources */,
				FF3D63DC269791C200799E72 /* PaymentViewModel.swift in Sources */,
				FF997EA1268E754A0057B731 /* PaymentView.swift in Sources */,
				FFCEDDFC267235D10073BE20 /* Matches.swift in Sources */,
				FFE0E4162677F97F008FA78C /* FilterMatches.swift in Sources */,
				FF58C40E2667BBA200BD3838 /* GenderModel.swift in Sources */,
				FF997E9D268E72D40057B731 /* ReportService.swift in Sources */,
				FF99A0362680C61C00F234CD /* FriendsList.swift in Sources */,
				FF4AB0FD2685091B0085EA9A /* ProfileImagePicker.swift in Sources */,
				FF997E8E268A13080057B731 /* UserService.swift in Sources */,
				FFDB15A726669AA000341E8F /* ChooseGender.swift in Sources */,
				FFE0E41E2678090D008FA78C /* MatchesViewModel.swift in Sources */,
				FF997E8C2689FF250057B731 /* SearchService.swift in Sources */,
				FF42BD9B267BCE1F000DCA6D /* Location.swift in Sources */,
				FFDB158726653E8900341E8F /* NetworkError.swift in Sources */,
				FFDB158F2665607000341E8F /* AppColors.swift in Sources */,
				FF456F8226939576008F219E /* RelationshipReport.swift in Sources */,
				FFBEA67E2664E4290033B2ED /* Secret_LanguageApp.swift in Sources */,
				FFE0E41C2678082B008FA78C /* MatchService.swift in Sources */,
				FFCEDE082672367B0073BE20 /* Reports.swift in Sources */,
				FF8AA6DF26A09EB2000C6B41 /* Message.swift in Sources */,
				FF99A03A2680C6CE00F234CD /* FriendListCell.swift in Sources */,
				FFDB15772664EE9800341E8F /* Background.swift in Sources */,
				FF3D63CB2694914400799E72 /* FamousListCell.swift in Sources */,
				FF18DC46269FAA96004BE946 /* ChatRoomNavBar.swift in Sources */,
				FF99A0502683684400F234CD /* PendingListCell.swift in Sources */,
				FFE0E4122677E5DC008FA78C /* SingleMatch.swift in Sources */,
				FFE0E42826794F97008FA78C /* CategoryItemModel.swift in Sources */,
				FFE0E4182677FD89008FA78C /* MatchesNavBar.swift in Sources */,
				FF3D63E4269924DC00799E72 /* PreviewParameters.swift in Sources */,
				FF997E9B268CDB300057B731 /* SearchResultActionButtons.swift in Sources */,
				FF997E97268C97880057B731 /* ReportBirthdayPicker.swift in Sources */,
				FF3D63D1269508D500799E72 /* ImageHelper.swift in Sources */,
			);
			runOnlyForDeploymentPostprocessing = 0;
		};
		FFBEA6872664E42A0033B2ED /* Sources */ = {
			isa = PBXSourcesBuildPhase;
			buildActionMask = 2147483647;
			files = (
				FFE0E42426794ECC008FA78C /* MatchesViewModelTests.swift in Sources */,
				FF997EA7268FD0900057B731 /* MockReportService.swift in Sources */,
				FF997EA9268FD3090057B731 /* ReportsViewModelTests.swift in Sources */,
				FFBEA6902664E42A0033B2ED /* Secret_LanguageTests.swift in Sources */,
				FF99A0482681DB6400F234CD /* MockProfileService.swift in Sources */,
				FF99A0462681DB4E00F234CD /* ProfileViewModelTests.swift in Sources */,
				FF18DC44269F8EEF004BE946 /* ChatViewModelTests.swift in Sources */,
				FFE0E42226794DAB008FA78C /* MockMatchService.swift in Sources */,
				FFDB159526658C3400341E8F /* MockAuthService.swift in Sources */,
				FFDB159726658EDF00341E8F /* AuthViewModelTests.swift in Sources */,
				FF18DC42269F8DBF004BE946 /* MockChatService.swift in Sources */,
			);
			runOnlyForDeploymentPostprocessing = 0;
		};
		FFBEA6922664E42A0033B2ED /* Sources */ = {
			isa = PBXSourcesBuildPhase;
			buildActionMask = 2147483647;
			files = (
				FFBEA69B2664E42A0033B2ED /* Secret_LanguageUITests.swift in Sources */,
			);
			runOnlyForDeploymentPostprocessing = 0;
		};
/* End PBXSourcesBuildPhase section */

/* Begin PBXTargetDependency section */
		FFBEA68D2664E42A0033B2ED /* PBXTargetDependency */ = {
			isa = PBXTargetDependency;
			target = FFBEA6792664E4290033B2ED /* Secret Language */;
			targetProxy = FFBEA68C2664E42A0033B2ED /* PBXContainerItemProxy */;
		};
		FFBEA6982664E42A0033B2ED /* PBXTargetDependency */ = {
			isa = PBXTargetDependency;
			target = FFBEA6792664E4290033B2ED /* Secret Language */;
			targetProxy = FFBEA6972664E42A0033B2ED /* PBXContainerItemProxy */;
		};
/* End PBXTargetDependency section */

/* Begin PBXVariantGroup section */
		FFDB15732664EAFB00341E8F /* Localizable.strings */ = {
			isa = PBXVariantGroup;
			children = (
				FFDB15722664EAFB00341E8F /* en */,
			);
			name = Localizable.strings;
			sourceTree = "<group>";
		};
/* End PBXVariantGroup section */

/* Begin XCBuildConfiguration section */
		FFBEA69D2664E42A0033B2ED /* Debug */ = {
			isa = XCBuildConfiguration;
			buildSettings = {
				ALWAYS_SEARCH_USER_PATHS = NO;
				CLANG_ANALYZER_NONNULL = YES;
				CLANG_ANALYZER_NUMBER_OBJECT_CONVERSION = YES_AGGRESSIVE;
				CLANG_CXX_LANGUAGE_STANDARD = "gnu++14";
				CLANG_CXX_LIBRARY = "libc++";
				CLANG_ENABLE_MODULES = YES;
				CLANG_ENABLE_OBJC_ARC = YES;
				CLANG_ENABLE_OBJC_WEAK = YES;
				CLANG_WARN_BLOCK_CAPTURE_AUTORELEASING = YES;
				CLANG_WARN_BOOL_CONVERSION = YES;
				CLANG_WARN_COMMA = YES;
				CLANG_WARN_CONSTANT_CONVERSION = YES;
				CLANG_WARN_DEPRECATED_OBJC_IMPLEMENTATIONS = YES;
				CLANG_WARN_DIRECT_OBJC_ISA_USAGE = YES_ERROR;
				CLANG_WARN_DOCUMENTATION_COMMENTS = YES;
				CLANG_WARN_EMPTY_BODY = YES;
				CLANG_WARN_ENUM_CONVERSION = YES;
				CLANG_WARN_INFINITE_RECURSION = YES;
				CLANG_WARN_INT_CONVERSION = YES;
				CLANG_WARN_NON_LITERAL_NULL_CONVERSION = YES;
				CLANG_WARN_OBJC_IMPLICIT_RETAIN_SELF = YES;
				CLANG_WARN_OBJC_LITERAL_CONVERSION = YES;
				CLANG_WARN_OBJC_ROOT_CLASS = YES_ERROR;
				CLANG_WARN_QUOTED_INCLUDE_IN_FRAMEWORK_HEADER = YES;
				CLANG_WARN_RANGE_LOOP_ANALYSIS = YES;
				CLANG_WARN_STRICT_PROTOTYPES = YES;
				CLANG_WARN_SUSPICIOUS_MOVE = YES;
				CLANG_WARN_UNGUARDED_AVAILABILITY = YES_AGGRESSIVE;
				CLANG_WARN_UNREACHABLE_CODE = YES;
				CLANG_WARN__DUPLICATE_METHOD_MATCH = YES;
				COPY_PHASE_STRIP = NO;
				DEBUG_INFORMATION_FORMAT = dwarf;
				ENABLE_STRICT_OBJC_MSGSEND = YES;
				ENABLE_TESTABILITY = YES;
				GCC_C_LANGUAGE_STANDARD = gnu11;
				GCC_DYNAMIC_NO_PIC = NO;
				GCC_NO_COMMON_BLOCKS = YES;
				GCC_OPTIMIZATION_LEVEL = 0;
				GCC_PREPROCESSOR_DEFINITIONS = (
					"DEBUG=1",
					"$(inherited)",
				);
				GCC_WARN_64_TO_32_BIT_CONVERSION = YES;
				GCC_WARN_ABOUT_RETURN_TYPE = YES_ERROR;
				GCC_WARN_UNDECLARED_SELECTOR = YES;
				GCC_WARN_UNINITIALIZED_AUTOS = YES_AGGRESSIVE;
				GCC_WARN_UNUSED_FUNCTION = YES;
				GCC_WARN_UNUSED_VARIABLE = YES;
				IPHONEOS_DEPLOYMENT_TARGET = 14.5;
				MTL_ENABLE_DEBUG_INFO = INCLUDE_SOURCE;
				MTL_FAST_MATH = YES;
				ONLY_ACTIVE_ARCH = YES;
				SDKROOT = iphoneos;
				SWIFT_ACTIVE_COMPILATION_CONDITIONS = DEBUG;
				SWIFT_OPTIMIZATION_LEVEL = "-Onone";
			};
			name = Debug;
		};
		FFBEA69E2664E42A0033B2ED /* Release */ = {
			isa = XCBuildConfiguration;
			buildSettings = {
				ALWAYS_SEARCH_USER_PATHS = NO;
				CLANG_ANALYZER_NONNULL = YES;
				CLANG_ANALYZER_NUMBER_OBJECT_CONVERSION = YES_AGGRESSIVE;
				CLANG_CXX_LANGUAGE_STANDARD = "gnu++14";
				CLANG_CXX_LIBRARY = "libc++";
				CLANG_ENABLE_MODULES = YES;
				CLANG_ENABLE_OBJC_ARC = YES;
				CLANG_ENABLE_OBJC_WEAK = YES;
				CLANG_WARN_BLOCK_CAPTURE_AUTORELEASING = YES;
				CLANG_WARN_BOOL_CONVERSION = YES;
				CLANG_WARN_COMMA = YES;
				CLANG_WARN_CONSTANT_CONVERSION = YES;
				CLANG_WARN_DEPRECATED_OBJC_IMPLEMENTATIONS = YES;
				CLANG_WARN_DIRECT_OBJC_ISA_USAGE = YES_ERROR;
				CLANG_WARN_DOCUMENTATION_COMMENTS = YES;
				CLANG_WARN_EMPTY_BODY = YES;
				CLANG_WARN_ENUM_CONVERSION = YES;
				CLANG_WARN_INFINITE_RECURSION = YES;
				CLANG_WARN_INT_CONVERSION = YES;
				CLANG_WARN_NON_LITERAL_NULL_CONVERSION = YES;
				CLANG_WARN_OBJC_IMPLICIT_RETAIN_SELF = YES;
				CLANG_WARN_OBJC_LITERAL_CONVERSION = YES;
				CLANG_WARN_OBJC_ROOT_CLASS = YES_ERROR;
				CLANG_WARN_QUOTED_INCLUDE_IN_FRAMEWORK_HEADER = YES;
				CLANG_WARN_RANGE_LOOP_ANALYSIS = YES;
				CLANG_WARN_STRICT_PROTOTYPES = YES;
				CLANG_WARN_SUSPICIOUS_MOVE = YES;
				CLANG_WARN_UNGUARDED_AVAILABILITY = YES_AGGRESSIVE;
				CLANG_WARN_UNREACHABLE_CODE = YES;
				CLANG_WARN__DUPLICATE_METHOD_MATCH = YES;
				COPY_PHASE_STRIP = NO;
				DEBUG_INFORMATION_FORMAT = "dwarf-with-dsym";
				ENABLE_NS_ASSERTIONS = NO;
				ENABLE_STRICT_OBJC_MSGSEND = YES;
				GCC_C_LANGUAGE_STANDARD = gnu11;
				GCC_NO_COMMON_BLOCKS = YES;
				GCC_WARN_64_TO_32_BIT_CONVERSION = YES;
				GCC_WARN_ABOUT_RETURN_TYPE = YES_ERROR;
				GCC_WARN_UNDECLARED_SELECTOR = YES;
				GCC_WARN_UNINITIALIZED_AUTOS = YES_AGGRESSIVE;
				GCC_WARN_UNUSED_FUNCTION = YES;
				GCC_WARN_UNUSED_VARIABLE = YES;
				IPHONEOS_DEPLOYMENT_TARGET = 14.5;
				MTL_ENABLE_DEBUG_INFO = NO;
				MTL_FAST_MATH = YES;
				SDKROOT = iphoneos;
				SWIFT_COMPILATION_MODE = wholemodule;
				SWIFT_OPTIMIZATION_LEVEL = "-O";
				VALIDATE_PRODUCT = YES;
			};
			name = Release;
		};
		FFBEA6A02664E42A0033B2ED /* Debug */ = {
			isa = XCBuildConfiguration;
			baseConfigurationReference = 401EF34C041AD97935E0B728 /* Pods-Secret Language.debug.xcconfig */;
			buildSettings = {
				ASSETCATALOG_COMPILER_APPICON_NAME = "AppIcon-2";
				ASSETCATALOG_COMPILER_GLOBAL_ACCENT_COLOR_NAME = AccentColor;
				CODE_SIGN_ENTITLEMENTS = "Secret Language/Secret Language.entitlements";
				CODE_SIGN_STYLE = Automatic;
				DEVELOPMENT_ASSET_PATHS = "\"Secret Language/Preview Content\"";
				DEVELOPMENT_TEAM = 9TN7Y68V59;
				ENABLE_PREVIEWS = YES;
				INFOPLIST_FILE = "Secret Language/Info.plist";
				IPHONEOS_DEPLOYMENT_TARGET = 14.0;
				LD_RUNPATH_SEARCH_PATHS = (
					"$(inherited)",
					"@executable_path/Frameworks",
				);
				PRODUCT_BUNDLE_IDENTIFIER = "com.xpn-development.Secret-Language";
				PRODUCT_NAME = "$(TARGET_NAME)";
				SWIFT_VERSION = 5.0;
				TARGETED_DEVICE_FAMILY = "1,2";
			};
			name = Debug;
		};
		FFBEA6A12664E42A0033B2ED /* Release */ = {
			isa = XCBuildConfiguration;
			baseConfigurationReference = 82D8B771B4B288C22C6F6EDB /* Pods-Secret Language.release.xcconfig */;
			buildSettings = {
				ASSETCATALOG_COMPILER_APPICON_NAME = "AppIcon-2";
				ASSETCATALOG_COMPILER_GLOBAL_ACCENT_COLOR_NAME = AccentColor;
				CODE_SIGN_ENTITLEMENTS = "Secret Language/Secret Language.entitlements";
				CODE_SIGN_STYLE = Automatic;
				DEVELOPMENT_ASSET_PATHS = "\"Secret Language/Preview Content\"";
				DEVELOPMENT_TEAM = 9TN7Y68V59;
				ENABLE_PREVIEWS = YES;
				INFOPLIST_FILE = "Secret Language/Info.plist";
				IPHONEOS_DEPLOYMENT_TARGET = 14.0;
				LD_RUNPATH_SEARCH_PATHS = (
					"$(inherited)",
					"@executable_path/Frameworks",
				);
				PRODUCT_BUNDLE_IDENTIFIER = "com.xpn-development.Secret-Language";
				PRODUCT_NAME = "$(TARGET_NAME)";
				SWIFT_VERSION = 5.0;
				TARGETED_DEVICE_FAMILY = "1,2";
			};
			name = Release;
		};
		FFBEA6A32664E42A0033B2ED /* Debug */ = {
			isa = XCBuildConfiguration;
			baseConfigurationReference = 6D4742105DF15E8C83B8CD87 /* Pods-Secret LanguageTests.debug.xcconfig */;
			buildSettings = {
				ALWAYS_EMBED_SWIFT_STANDARD_LIBRARIES = YES;
				BUNDLE_LOADER = "$(TEST_HOST)";
				CODE_SIGN_STYLE = Automatic;
				DEVELOPMENT_TEAM = 9TN7Y68V59;
				INFOPLIST_FILE = "Secret LanguageTests/Info.plist";
				IPHONEOS_DEPLOYMENT_TARGET = 14.0;
				LD_RUNPATH_SEARCH_PATHS = (
					"$(inherited)",
					"@executable_path/Frameworks",
					"@loader_path/Frameworks",
				);
				PRODUCT_BUNDLE_IDENTIFIER = "com.sln.app.Secret-LanguageTests";
				PRODUCT_NAME = "$(TARGET_NAME)";
				SWIFT_VERSION = 5.0;
				TARGETED_DEVICE_FAMILY = "1,2";
				TEST_HOST = "$(BUILT_PRODUCTS_DIR)/Secret Language.app/Secret Language";
			};
			name = Debug;
		};
		FFBEA6A42664E42A0033B2ED /* Release */ = {
			isa = XCBuildConfiguration;
			baseConfigurationReference = A321C1F5BB47FF41DEAF3C30 /* Pods-Secret LanguageTests.release.xcconfig */;
			buildSettings = {
				ALWAYS_EMBED_SWIFT_STANDARD_LIBRARIES = YES;
				BUNDLE_LOADER = "$(TEST_HOST)";
				CODE_SIGN_STYLE = Automatic;
				DEVELOPMENT_TEAM = 9TN7Y68V59;
				INFOPLIST_FILE = "Secret LanguageTests/Info.plist";
				IPHONEOS_DEPLOYMENT_TARGET = 14.0;
				LD_RUNPATH_SEARCH_PATHS = (
					"$(inherited)",
					"@executable_path/Frameworks",
					"@loader_path/Frameworks",
				);
				PRODUCT_BUNDLE_IDENTIFIER = "com.sln.app.Secret-LanguageTests";
				PRODUCT_NAME = "$(TARGET_NAME)";
				SWIFT_VERSION = 5.0;
				TARGETED_DEVICE_FAMILY = "1,2";
				TEST_HOST = "$(BUILT_PRODUCTS_DIR)/Secret Language.app/Secret Language";
			};
			name = Release;
		};
		FFBEA6A62664E42A0033B2ED /* Debug */ = {
			isa = XCBuildConfiguration;
			baseConfigurationReference = 90A9EF0E2A392C2C87527EED /* Pods-Secret Language-Secret LanguageUITests.debug.xcconfig */;
			buildSettings = {
				ALWAYS_EMBED_SWIFT_STANDARD_LIBRARIES = YES;
				CODE_SIGN_STYLE = Automatic;
				DEVELOPMENT_TEAM = 9TN7Y68V59;
				INFOPLIST_FILE = "Secret LanguageUITests/Info.plist";
				LD_RUNPATH_SEARCH_PATHS = (
					"$(inherited)",
					"@executable_path/Frameworks",
					"@loader_path/Frameworks",
				);
				PRODUCT_BUNDLE_IDENTIFIER = "com.sln.app.Secret-LanguageUITests";
				PRODUCT_NAME = "$(TARGET_NAME)";
				SWIFT_VERSION = 5.0;
				TARGETED_DEVICE_FAMILY = "1,2";
				TEST_TARGET_NAME = "Secret Language";
			};
			name = Debug;
		};
		FFBEA6A72664E42A0033B2ED /* Release */ = {
			isa = XCBuildConfiguration;
			baseConfigurationReference = 19A5B36D67E245BECA455E9B /* Pods-Secret Language-Secret LanguageUITests.release.xcconfig */;
			buildSettings = {
				ALWAYS_EMBED_SWIFT_STANDARD_LIBRARIES = YES;
				CODE_SIGN_STYLE = Automatic;
				DEVELOPMENT_TEAM = 9TN7Y68V59;
				INFOPLIST_FILE = "Secret LanguageUITests/Info.plist";
				LD_RUNPATH_SEARCH_PATHS = (
					"$(inherited)",
					"@executable_path/Frameworks",
					"@loader_path/Frameworks",
				);
				PRODUCT_BUNDLE_IDENTIFIER = "com.sln.app.Secret-LanguageUITests";
				PRODUCT_NAME = "$(TARGET_NAME)";
				SWIFT_VERSION = 5.0;
				TARGETED_DEVICE_FAMILY = "1,2";
				TEST_TARGET_NAME = "Secret Language";
			};
			name = Release;
		};
/* End XCBuildConfiguration section */

/* Begin XCConfigurationList section */
		FFBEA6752664E4290033B2ED /* Build configuration list for PBXProject "Secret Language" */ = {
			isa = XCConfigurationList;
			buildConfigurations = (
				FFBEA69D2664E42A0033B2ED /* Debug */,
				FFBEA69E2664E42A0033B2ED /* Release */,
			);
			defaultConfigurationIsVisible = 0;
			defaultConfigurationName = Release;
		};
		FFBEA69F2664E42A0033B2ED /* Build configuration list for PBXNativeTarget "Secret Language" */ = {
			isa = XCConfigurationList;
			buildConfigurations = (
				FFBEA6A02664E42A0033B2ED /* Debug */,
				FFBEA6A12664E42A0033B2ED /* Release */,
			);
			defaultConfigurationIsVisible = 0;
			defaultConfigurationName = Release;
		};
		FFBEA6A22664E42A0033B2ED /* Build configuration list for PBXNativeTarget "Secret LanguageTests" */ = {
			isa = XCConfigurationList;
			buildConfigurations = (
				FFBEA6A32664E42A0033B2ED /* Debug */,
				FFBEA6A42664E42A0033B2ED /* Release */,
			);
			defaultConfigurationIsVisible = 0;
			defaultConfigurationName = Release;
		};
		FFBEA6A52664E42A0033B2ED /* Build configuration list for PBXNativeTarget "Secret LanguageUITests" */ = {
			isa = XCConfigurationList;
			buildConfigurations = (
				FFBEA6A62664E42A0033B2ED /* Debug */,
				FFBEA6A72664E42A0033B2ED /* Release */,
			);
			defaultConfigurationIsVisible = 0;
			defaultConfigurationName = Release;
		};
/* End XCConfigurationList section */

/* Begin XCRemoteSwiftPackageReference section */
		FFDB15A12666576900341E8F /* RemoteSwiftPackageReference */ = {
			isa = XCRemoteSwiftPackageReference;
			repositoryURL = "https://github.com/SwiftUIX/SwiftUIX";
			requirement = {
				kind = upToNextMajorVersion;
				minimumVersion = 0.0.6;
			};
		};
/* End XCRemoteSwiftPackageReference section */

/* Begin XCSwiftPackageProductDependency section */
		FFDB15A22666576900341E8F /* SwiftPackageProductDependency */ = {
			isa = XCSwiftPackageProductDependency;
			package = FFDB15A12666576900341E8F /* RemoteSwiftPackageReference */;
			productName = SwiftUIX;
		};
/* End XCSwiftPackageProductDependency section */
	};
	rootObject = FFBEA6722664E4290033B2ED /* Project object */;
}
