{
  "object": {
    "pins": [
      {
        "package": "Sliders",
        "repositoryURL": "https://github.com/spacenation/swiftui-sliders",
        "state": {
          "branch": "master",
          "revision": "518bed3bfc7bd522f3c49404a0d1efb98fa1bf2c",
          "version": null
        }
      },
      {
        "package": "SwiftUIX",
        "repositoryURL": "https://github.com/SwiftUIX/SwiftUIX",
        "state": {
          "branch": null,
          "revision": "ac4959d321d2fbf6b66720426ef0716b6865ddd8",
          "version": "0.1.0"
        }
      }
    ]
  },
  "version": 1
}
